{
  "pins" : [
    {
      "identity" : "alamofire",
      "kind" : "remoteSourceControl",
      "location" : "https://github.com/Alamofire/Alamofire.git",
      "state" : {
        "revision" : "3dc6a42c7727c49bf26508e29b0a0b35f9c7e1ad",
        "version" : "5.8.1"
      }
    },
    {
      "identity" : "kgimagechooser",
      "kind" : "remoteSourceControl",
      "location" : "https://github.com/kevingreen22/KGImageChooser",
      "state" : {
        "branch" : "main",
        "revision" : "bea2ea7f106fa7c8db9b364448f811b061f87f3c"
      }
    }
  ],
  "version" : 2
}
