// !$*UTF8*$!
{
	archiveVersion = 1;
	classes = {
	};
	objectVersion = 56;
	objects = {

/* Begin PBXBuildFile section */
		C708D3C92B509223003FDE88 /* NotificationPill.swift in Sources */ = {isa = PBXBuildFile; fileRef = C708D3C82B509223003FDE88 /* NotificationPill.swift */; };
		C70ABA5F2B91010200A11A5F /* ChoosePlayMode.swift in Sources */ = {isa = PBXBuildFile; fileRef = C70ABA5E2B91010200A11A5F /* ChoosePlayMode.swift */; };
		C721611C2BE42307009BDEF8 /* AccessibilityZoom.swift in Sources */ = {isa = PBXBuildFile; fileRef = C721611B2BE42307009BDEF8 /* AccessibilityZoom.swift */; };
		C721611E2BE44349009BDEF8 /* SoundManager.swift in Sources */ = {isa = PBXBuildFile; fileRef = C721611D2BE44349009BDEF8 /* SoundManager.swift */; };
		C72161212BE45346009BDEF8 /* MiscModels.swift in Sources */ = {isa = PBXBuildFile; fileRef = C72161202BE45346009BDEF8 /* MiscModels.swift */; };
		C72161232BE8543E009BDEF8 /* golf_swing.mp3 in Resources */ = {isa = PBXBuildFile; fileRef = C72161222BE8543E009BDEF8 /* golf_swing.mp3 */; };
		C72161252BE856D2009BDEF8 /* clapping_and_cheering.mp3 in Resources */ = {isa = PBXBuildFile; fileRef = C72161242BE856D2009BDEF8 /* clapping_and_cheering.mp3 */; };
		C72241D12B87B20A004C0444 /* golfBallLoader.swift in Sources */ = {isa = PBXBuildFile; fileRef = C72241D02B87B20A004C0444 /* golfBallLoader.swift */; };
		C729EC942B1130C500994DDC /* AddNewCoursesViews.swift in Sources */ = {isa = PBXBuildFile; fileRef = C729EC932B1130C500994DDC /* AddNewCoursesViews.swift */; };
		C730C7D42B96999C0083B84E /* QuickPlay.swift in Sources */ = {isa = PBXBuildFile; fileRef = C730C7D32B96999C0083B84E /* QuickPlay.swift */; };
		C730C7E12BA8AF3D0083B84E /* 3WayToggle.swift in Sources */ = {isa = PBXBuildFile; fileRef = C730C7E02BA8AF3D0083B84E /* 3WayToggle.swift */; };
		C73F11B42BD1C73700225C39 /* ShowAlert.swift in Sources */ = {isa = PBXBuildFile; fileRef = C73F11B32BD1C73700225C39 /* ShowAlert.swift */; };
		C73F11B62BD1F0F900225C39 /* QuickPlayWinnerView.swift in Sources */ = {isa = PBXBuildFile; fileRef = C73F11B52BD1F0F900225C39 /* QuickPlayWinnerView.swift */; };
		C746C3922B4222350021C5C3 /* ScoreCardExitMenuButton.swift in Sources */ = {isa = PBXBuildFile; fileRef = C746C3912B4222350021C5C3 /* ScoreCardExitMenuButton.swift */; };
		C74CB25E2AC6399E00AC53D7 /* SavedGame.swift in Sources */ = {isa = PBXBuildFile; fileRef = C74CB25D2AC6399E00AC53D7 /* SavedGame.swift */; };
		C74CB2602AC7429D00AC53D7 /* SetupPlayers.swift in Sources */ = {isa = PBXBuildFile; fileRef = C74CB25F2AC7429D00AC53D7 /* SetupPlayers.swift */; };
		C74CB2632AC7477800AC53D7 /* SetupPlayer_ViewModel.swift in Sources */ = {isa = PBXBuildFile; fileRef = C74CB2622AC7477800AC53D7 /* SetupPlayer_ViewModel.swift */; };
		C74CB2702AC892C000AC53D7 /* NavigationStore.swift in Sources */ = {isa = PBXBuildFile; fileRef = C74CB26F2AC892C000AC53D7 /* NavigationStore.swift */; };
		C75751772B1BA8AF00308F73 /* AlertType.swift in Sources */ = {isa = PBXBuildFile; fileRef = C75751762B1BA8AF00308F73 /* AlertType.swift */; };
		C75B9C052BAF48D600945371 /* RectReader.swift in Sources */ = {isa = PBXBuildFile; fileRef = C75B9C042BAF48D600945371 /* RectReader.swift */; };
		C75B9C0B2BAF4C2100945371 /* KGViews in Frameworks */ = {isa = PBXBuildFile; productRef = C75B9C0A2BAF4C2100945371 /* KGViews */; };
		C75B9C0E2BAF4C3500945371 /* KGImageChooser in Frameworks */ = {isa = PBXBuildFile; productRef = C75B9C0D2BAF4C3500945371 /* KGImageChooser */; };
		C760EAF72AB8F801000DFE09 /* Assets.xcassets in Resources */ = {isa = PBXBuildFile; fileRef = C760EAF62AB8F801000DFE09 /* Assets.xcassets */; };
		C760EAFA2AB8F801000DFE09 /* Preview Assets.xcassets in Resources */ = {isa = PBXBuildFile; fileRef = C760EAF92AB8F801000DFE09 /* Preview Assets.xcassets */; };
		C760EB022AB8F825000DFE09 /* Course.swift in Sources */ = {isa = PBXBuildFile; fileRef = C760EB012AB8F825000DFE09 /* Course.swift */; };
		C760EB042AB8F877000DFE09 /* Hole.swift in Sources */ = {isa = PBXBuildFile; fileRef = C760EB032AB8F877000DFE09 /* Hole.swift */; };
		C760EB062AB8F8D9000DFE09 /* Player.swift in Sources */ = {isa = PBXBuildFile; fileRef = C760EB052AB8F8D9000DFE09 /* Player.swift */; };
		C760EB092AB8F94B000DFE09 /* ScoreCardView.swift in Sources */ = {isa = PBXBuildFile; fileRef = C760EB082AB8F94B000DFE09 /* ScoreCardView.swift */; };
		C760EB0B2AB8F99B000DFE09 /* MockData.swift in Sources */ = {isa = PBXBuildFile; fileRef = C760EB0A2AB8F99B000DFE09 /* MockData.swift */; };
		C760EB0D2AB8F9FA000DFE09 /* Challenge.swift in Sources */ = {isa = PBXBuildFile; fileRef = C760EB0C2AB8F9FA000DFE09 /* Challenge.swift */; };
		C760EB142ABD0898000DFE09 /* ScoreCard_ViewModel.swift in Sources */ = {isa = PBXBuildFile; fileRef = C760EB132ABD0898000DFE09 /* ScoreCard_ViewModel.swift */; };
		C760EB172ABE0AD6000DFE09 /* DataServices.swift in Sources */ = {isa = PBXBuildFile; fileRef = C760EB162ABE0AD6000DFE09 /* DataServices.swift */; };
		C760EB1A2ABE0C1A000DFE09 /* CoursesMap_ViewModel.swift in Sources */ = {isa = PBXBuildFile; fileRef = C760EB192ABE0C1A000DFE09 /* CoursesMap_ViewModel.swift */; };
		C760EB1E2ABF57B8000DFE09 /* CourseInfo.swift in Sources */ = {isa = PBXBuildFile; fileRef = C760EB1D2ABF57B8000DFE09 /* CourseInfo.swift */; };
		C765B6BF2BBA4F7D0052F1D6 /* SetPlayerCountPage.swift in Sources */ = {isa = PBXBuildFile; fileRef = C765B6BE2BBA4F7D0052F1D6 /* SetPlayerCountPage.swift */; };
		C765B6C12BBA4FD00052F1D6 /* SetPlayerNamesPage.swift in Sources */ = {isa = PBXBuildFile; fileRef = C765B6C02BBA4FD00052F1D6 /* SetPlayerNamesPage.swift */; };
		C779733E2C24A22D000CAE8C /* AMPopTip in Frameworks */ = {isa = PBXBuildFile; productRef = C779733D2C24A22D000CAE8C /* AMPopTip */; };
		C7859A1B2AF2C51700F4CF82 /* CoursesViewModel_Tests.swift in Sources */ = {isa = PBXBuildFile; fileRef = C7859A1A2AF2C51700F4CF82 /* CoursesViewModel_Tests.swift */; };
		C7859A1D2AF31AE600F4CF82 /* MockDataService_Tests.swift in Sources */ = {isa = PBXBuildFile; fileRef = C7859A1C2AF31AE600F4CF82 /* MockDataService_Tests.swift */; };
		C7859A1F2AF4268000F4CF82 /* SetupPlayerViewModel_Tests.swift in Sources */ = {isa = PBXBuildFile; fileRef = C7859A1E2AF4268000F4CF82 /* SetupPlayerViewModel_Tests.swift */; };
		C7859A212AF4550700F4CF82 /* ScoreCardViewModel_Tests.swift in Sources */ = {isa = PBXBuildFile; fileRef = C7859A202AF4550700F4CF82 /* ScoreCardViewModel_Tests.swift */; };
		C7859A242AF6AF5D00F4CF82 /* Alamofire in Frameworks */ = {isa = PBXBuildFile; productRef = C7859A232AF6AF5D00F4CF82 /* Alamofire */; };
		C78759662B3E5289004FE7FE /* ConfettiSwiftUI in Frameworks */ = {isa = PBXBuildFile; productRef = C78759652B3E5289004FE7FE /* ConfettiSwiftUI */; };
		C78D4EFC2B439E8900BDD1D8 /* CustomSheet.swift in Sources */ = {isa = PBXBuildFile; fileRef = C78D4EFB2B439E8900BDD1D8 /* CustomSheet.swift */; };
		C78F76362C1CC27D00EF1D75 /* TODO.swift in Sources */ = {isa = PBXBuildFile; fileRef = C78F76352C1CC27D00EF1D75 /* TODO.swift */; };
		C78F76392C1E5B1B00EF1D75 /* GolfToggleStyle.swift in Sources */ = {isa = PBXBuildFile; fileRef = C78F76382C1E5B1B00EF1D75 /* GolfToggleStyle.swift */; };
		C7928C252C431B6B0056FAED /* PopoverTips.swift in Sources */ = {isa = PBXBuildFile; fileRef = C7928C242C431B6B0056FAED /* PopoverTips.swift */; };
		C79569902B379E2000C24180 /* WinnerVictoryView.swift in Sources */ = {isa = PBXBuildFile; fileRef = C795698F2B379E2000C24180 /* WinnerVictoryView.swift */; };
		C7A9BA902AC4AA3100A69B81 /* CoursesMap.swift in Sources */ = {isa = PBXBuildFile; fileRef = C7A9BA8F2AC4AA3100A69B81 /* CoursesMap.swift */; };
		C7AC53D42B93993900496C4B /* MainContent.swift in Sources */ = {isa = PBXBuildFile; fileRef = C7AC53D32B93993900496C4B /* MainContent.swift */; };
		C7B0FEF32B000852005C9617 /* CourseAnnotationItem.swift in Sources */ = {isa = PBXBuildFile; fileRef = C7B0FEF22B000852005C9617 /* CourseAnnotationItem.swift */; };
		C7B2904B2BB793B300DA1776 /* PuttPuttGolf.swift in Sources */ = {isa = PBXBuildFile; fileRef = C7B2904A2BB793B300DA1776 /* PuttPuttGolf.swift */; };
		C7CDAF9B2AD1E8CD006C0886 /* CoursesList.swift in Sources */ = {isa = PBXBuildFile; fileRef = C7CDAF9A2AD1E8CD006C0886 /* CoursesList.swift */; };
		C7CDAFA52AD5CCCA006C0886 /* CourseInfoPanel.swift in Sources */ = {isa = PBXBuildFile; fileRef = C7CDAFA42AD5CCCA006C0886 /* CourseInfoPanel.swift */; };
		C7D48A5C2BDC6D0800FCD492 /* Settings.swift in Sources */ = {isa = PBXBuildFile; fileRef = C7D48A5B2BDC6D0700FCD492 /* Settings.swift */; };
		C7D48A5F2BDD89A000FCD492 /* SettingsButton.swift in Sources */ = {isa = PBXBuildFile; fileRef = C7D48A5E2BDD89A000FCD492 /* SettingsButton.swift */; };
		C7D48A612BE00D8900FCD492 /* HapticManager.swift in Sources */ = {isa = PBXBuildFile; fileRef = C7D48A602BE00D8900FCD492 /* HapticManager.swift */; };
		C7D48A642BE1C34300FCD492 /* ScoreCardComponentViews.swift in Sources */ = {isa = PBXBuildFile; fileRef = C7D48A632BE1C34300FCD492 /* ScoreCardComponentViews.swift */; };
		C7F3CD922C3A162500BC7614 /* KGToolbelt in Frameworks */ = {isa = PBXBuildFile; productRef = C7F3CD912C3A162500BC7614 /* KGToolbelt */; };
		C7F3CD972C3DEEF700BC7614 /* Image Extenstion.swift in Sources */ = {isa = PBXBuildFile; fileRef = C7F3CD962C3DEEF700BC7614 /* Image Extenstion.swift */; };
/* End PBXBuildFile section */

/* Begin PBXContainerItemProxy section */
		C7859A152AF2C1AE00F4CF82 /* PBXContainerItemProxy */ = {
			isa = PBXContainerItemProxy;
			containerPortal = C760EAE72AB8F7FF000DFE09 /* Project object */;
			proxyType = 1;
			remoteGlobalIDString = C760EAEE2AB8F7FF000DFE09;
			remoteInfo = PutPutGolf;
		};
/* End PBXContainerItemProxy section */

/* Begin PBXFileReference section */
		C708D3C82B509223003FDE88 /* NotificationPill.swift */ = {isa = PBXFileReference; lastKnownFileType = sourcecode.swift; path = NotificationPill.swift; sourceTree = "<group>"; };
		C70ABA5E2B91010200A11A5F /* ChoosePlayMode.swift */ = {isa = PBXFileReference; lastKnownFileType = sourcecode.swift; path = ChoosePlayMode.swift; sourceTree = "<group>"; };
		C721611B2BE42307009BDEF8 /* AccessibilityZoom.swift */ = {isa = PBXFileReference; lastKnownFileType = sourcecode.swift; path = AccessibilityZoom.swift; sourceTree = "<group>"; };
		C721611D2BE44349009BDEF8 /* SoundManager.swift */ = {isa = PBXFileReference; lastKnownFileType = sourcecode.swift; path = SoundManager.swift; sourceTree = "<group>"; };
		C72161202BE45346009BDEF8 /* MiscModels.swift */ = {isa = PBXFileReference; lastKnownFileType = sourcecode.swift; path = MiscModels.swift; sourceTree = "<group>"; };
		C72161222BE8543E009BDEF8 /* golf_swing.mp3 */ = {isa = PBXFileReference; lastKnownFileType = audio.mp3; path = golf_swing.mp3; sourceTree = "<group>"; };
		C72161242BE856D2009BDEF8 /* clapping_and_cheering.mp3 */ = {isa = PBXFileReference; lastKnownFileType = audio.mp3; path = clapping_and_cheering.mp3; sourceTree = "<group>"; };
		C72241D02B87B20A004C0444 /* golfBallLoader.swift */ = {isa = PBXFileReference; lastKnownFileType = sourcecode.swift; path = golfBallLoader.swift; sourceTree = "<group>"; };
		C729EC932B1130C500994DDC /* AddNewCoursesViews.swift */ = {isa = PBXFileReference; lastKnownFileType = sourcecode.swift; path = AddNewCoursesViews.swift; sourceTree = "<group>"; };
		C730C7D32B96999C0083B84E /* QuickPlay.swift */ = {isa = PBXFileReference; lastKnownFileType = sourcecode.swift; path = QuickPlay.swift; sourceTree = "<group>"; };
		C730C7E02BA8AF3D0083B84E /* 3WayToggle.swift */ = {isa = PBXFileReference; lastKnownFileType = sourcecode.swift; path = 3WayToggle.swift; sourceTree = "<group>"; };
		C73F11B32BD1C73700225C39 /* ShowAlert.swift */ = {isa = PBXFileReference; lastKnownFileType = sourcecode.swift; path = ShowAlert.swift; sourceTree = "<group>"; };
		C73F11B52BD1F0F900225C39 /* QuickPlayWinnerView.swift */ = {isa = PBXFileReference; lastKnownFileType = sourcecode.swift; path = QuickPlayWinnerView.swift; sourceTree = "<group>"; };
		C746C3912B4222350021C5C3 /* ScoreCardExitMenuButton.swift */ = {isa = PBXFileReference; lastKnownFileType = sourcecode.swift; path = ScoreCardExitMenuButton.swift; sourceTree = "<group>"; };
		C74CB2432AC4CD1000AC53D7 /* Info.plist */ = {isa = PBXFileReference; lastKnownFileType = text.plist; path = Info.plist; sourceTree = "<group>"; };
		C74CB25D2AC6399E00AC53D7 /* SavedGame.swift */ = {isa = PBXFileReference; lastKnownFileType = sourcecode.swift; path = SavedGame.swift; sourceTree = "<group>"; };
		C74CB25F2AC7429D00AC53D7 /* SetupPlayers.swift */ = {isa = PBXFileReference; lastKnownFileType = sourcecode.swift; path = SetupPlayers.swift; sourceTree = "<group>"; };
		C74CB2622AC7477800AC53D7 /* SetupPlayer_ViewModel.swift */ = {isa = PBXFileReference; lastKnownFileType = sourcecode.swift; path = SetupPlayer_ViewModel.swift; sourceTree = "<group>"; };
		C74CB26F2AC892C000AC53D7 /* NavigationStore.swift */ = {isa = PBXFileReference; lastKnownFileType = sourcecode.swift; path = NavigationStore.swift; sourceTree = "<group>"; };
		C75751762B1BA8AF00308F73 /* AlertType.swift */ = {isa = PBXFileReference; lastKnownFileType = sourcecode.swift; path = AlertType.swift; sourceTree = "<group>"; };
		C75B9C042BAF48D600945371 /* RectReader.swift */ = {isa = PBXFileReference; lastKnownFileType = sourcecode.swift; path = RectReader.swift; sourceTree = "<group>"; };
		C760EAEF2AB8F7FF000DFE09 /* PutPutGolf.app */ = {isa = PBXFileReference; explicitFileType = wrapper.application; includeInIndex = 0; path = PutPutGolf.app; sourceTree = BUILT_PRODUCTS_DIR; };
		C760EAF62AB8F801000DFE09 /* Assets.xcassets */ = {isa = PBXFileReference; lastKnownFileType = folder.assetcatalog; path = Assets.xcassets; sourceTree = "<group>"; };
		C760EAF92AB8F801000DFE09 /* Preview Assets.xcassets */ = {isa = PBXFileReference; lastKnownFileType = folder.assetcatalog; path = "Preview Assets.xcassets"; sourceTree = "<group>"; };
		C760EB012AB8F825000DFE09 /* Course.swift */ = {isa = PBXFileReference; lastKnownFileType = sourcecode.swift; path = Course.swift; sourceTree = "<group>"; };
		C760EB032AB8F877000DFE09 /* Hole.swift */ = {isa = PBXFileReference; lastKnownFileType = sourcecode.swift; path = Hole.swift; sourceTree = "<group>"; };
		C760EB052AB8F8D9000DFE09 /* Player.swift */ = {isa = PBXFileReference; lastKnownFileType = sourcecode.swift; path = Player.swift; sourceTree = "<group>"; };
		C760EB082AB8F94B000DFE09 /* ScoreCardView.swift */ = {isa = PBXFileReference; lastKnownFileType = sourcecode.swift; path = ScoreCardView.swift; sourceTree = "<group>"; };
		C760EB0A2AB8F99B000DFE09 /* MockData.swift */ = {isa = PBXFileReference; lastKnownFileType = sourcecode.swift; path = MockData.swift; sourceTree = "<group>"; };
		C760EB0C2AB8F9FA000DFE09 /* Challenge.swift */ = {isa = PBXFileReference; lastKnownFileType = sourcecode.swift; path = Challenge.swift; sourceTree = "<group>"; };
		C760EB132ABD0898000DFE09 /* ScoreCard_ViewModel.swift */ = {isa = PBXFileReference; lastKnownFileType = sourcecode.swift; path = ScoreCard_ViewModel.swift; sourceTree = "<group>"; };
		C760EB162ABE0AD6000DFE09 /* DataServices.swift */ = {isa = PBXFileReference; lastKnownFileType = sourcecode.swift; path = DataServices.swift; sourceTree = "<group>"; };
		C760EB192ABE0C1A000DFE09 /* CoursesMap_ViewModel.swift */ = {isa = PBXFileReference; lastKnownFileType = sourcecode.swift; path = CoursesMap_ViewModel.swift; sourceTree = "<group>"; };
		C760EB1D2ABF57B8000DFE09 /* CourseInfo.swift */ = {isa = PBXFileReference; lastKnownFileType = sourcecode.swift; path = CourseInfo.swift; sourceTree = "<group>"; };
		C765B6BE2BBA4F7D0052F1D6 /* SetPlayerCountPage.swift */ = {isa = PBXFileReference; lastKnownFileType = sourcecode.swift; path = SetPlayerCountPage.swift; sourceTree = "<group>"; };
		C765B6C02BBA4FD00052F1D6 /* SetPlayerNamesPage.swift */ = {isa = PBXFileReference; lastKnownFileType = sourcecode.swift; path = SetPlayerNamesPage.swift; sourceTree = "<group>"; };
		C7859A112AF2C1AE00F4CF82 /* PutPutGolf_Tests.xctest */ = {isa = PBXFileReference; explicitFileType = wrapper.cfbundle; includeInIndex = 0; path = PutPutGolf_Tests.xctest; sourceTree = BUILT_PRODUCTS_DIR; };
		C7859A1A2AF2C51700F4CF82 /* CoursesViewModel_Tests.swift */ = {isa = PBXFileReference; lastKnownFileType = sourcecode.swift; path = CoursesViewModel_Tests.swift; sourceTree = "<group>"; };
		C7859A1C2AF31AE600F4CF82 /* MockDataService_Tests.swift */ = {isa = PBXFileReference; lastKnownFileType = sourcecode.swift; path = MockDataService_Tests.swift; sourceTree = "<group>"; };
		C7859A1E2AF4268000F4CF82 /* SetupPlayerViewModel_Tests.swift */ = {isa = PBXFileReference; lastKnownFileType = sourcecode.swift; path = SetupPlayerViewModel_Tests.swift; sourceTree = "<group>"; };
		C7859A202AF4550700F4CF82 /* ScoreCardViewModel_Tests.swift */ = {isa = PBXFileReference; lastKnownFileType = sourcecode.swift; path = ScoreCardViewModel_Tests.swift; sourceTree = "<group>"; };
		C78D4EFB2B439E8900BDD1D8 /* CustomSheet.swift */ = {isa = PBXFileReference; lastKnownFileType = sourcecode.swift; path = CustomSheet.swift; sourceTree = "<group>"; };
		C78F76352C1CC27D00EF1D75 /* TODO.swift */ = {isa = PBXFileReference; lastKnownFileType = sourcecode.swift; path = TODO.swift; sourceTree = "<group>"; };
		C78F76382C1E5B1B00EF1D75 /* GolfToggleStyle.swift */ = {isa = PBXFileReference; lastKnownFileType = sourcecode.swift; path = GolfToggleStyle.swift; sourceTree = "<group>"; };
		C7928C242C431B6B0056FAED /* PopoverTips.swift */ = {isa = PBXFileReference; lastKnownFileType = sourcecode.swift; path = PopoverTips.swift; sourceTree = "<group>"; };
		C795698F2B379E2000C24180 /* WinnerVictoryView.swift */ = {isa = PBXFileReference; lastKnownFileType = sourcecode.swift; path = WinnerVictoryView.swift; sourceTree = "<group>"; };
		C7A9BA8F2AC4AA3100A69B81 /* CoursesMap.swift */ = {isa = PBXFileReference; lastKnownFileType = sourcecode.swift; path = CoursesMap.swift; sourceTree = "<group>"; };
		C7AC53D32B93993900496C4B /* MainContent.swift */ = {isa = PBXFileReference; lastKnownFileType = sourcecode.swift; path = MainContent.swift; sourceTree = "<group>"; };
		C7B0FEF22B000852005C9617 /* CourseAnnotationItem.swift */ = {isa = PBXFileReference; lastKnownFileType = sourcecode.swift; path = CourseAnnotationItem.swift; sourceTree = "<group>"; };
		C7B2904A2BB793B300DA1776 /* PuttPuttGolf.swift */ = {isa = PBXFileReference; lastKnownFileType = sourcecode.swift; path = PuttPuttGolf.swift; sourceTree = "<group>"; };
		C7B7F1F92BE863D100542629 /* PutPutGolf.entitlements */ = {isa = PBXFileReference; lastKnownFileType = text.plist.entitlements; path = PutPutGolf.entitlements; sourceTree = "<group>"; };
		C7CDAF9A2AD1E8CD006C0886 /* CoursesList.swift */ = {isa = PBXFileReference; lastKnownFileType = sourcecode.swift; path = CoursesList.swift; sourceTree = "<group>"; };
		C7CDAFA42AD5CCCA006C0886 /* CourseInfoPanel.swift */ = {isa = PBXFileReference; lastKnownFileType = sourcecode.swift; path = CourseInfoPanel.swift; sourceTree = "<group>"; };
		C7D48A5B2BDC6D0700FCD492 /* Settings.swift */ = {isa = PBXFileReference; lastKnownFileType = sourcecode.swift; path = Settings.swift; sourceTree = "<group>"; };
		C7D48A5E2BDD89A000FCD492 /* SettingsButton.swift */ = {isa = PBXFileReference; lastKnownFileType = sourcecode.swift; path = SettingsButton.swift; sourceTree = "<group>"; };
		C7D48A602BE00D8900FCD492 /* HapticManager.swift */ = {isa = PBXFileReference; lastKnownFileType = sourcecode.swift; path = HapticManager.swift; sourceTree = "<group>"; };
		C7D48A632BE1C34300FCD492 /* ScoreCardComponentViews.swift */ = {isa = PBXFileReference; lastKnownFileType = sourcecode.swift; path = ScoreCardComponentViews.swift; sourceTree = "<group>"; };
		C7F3CD962C3DEEF700BC7614 /* Image Extenstion.swift */ = {isa = PBXFileReference; lastKnownFileType = sourcecode.swift; path = "Image Extenstion.swift"; sourceTree = "<group>"; };
/* End PBXFileReference section */

/* Begin PBXFrameworksBuildPhase section */
		C760EAEC2AB8F7FF000DFE09 /* Frameworks */ = {
			isa = PBXFrameworksBuildPhase;
			buildActionMask = 2147483647;
			files = (
				C75B9C0B2BAF4C2100945371 /* KGViews in Frameworks */,
				C78759662B3E5289004FE7FE /* ConfettiSwiftUI in Frameworks */,
				C779733E2C24A22D000CAE8C /* AMPopTip in Frameworks */,
				C7F3CD922C3A162500BC7614 /* KGToolbelt in Frameworks */,
				C75B9C0E2BAF4C3500945371 /* KGImageChooser in Frameworks */,
				C7859A242AF6AF5D00F4CF82 /* Alamofire in Frameworks */,
			);
			runOnlyForDeploymentPostprocessing = 0;
		};
		C7859A0E2AF2C1AE00F4CF82 /* Frameworks */ = {
			isa = PBXFrameworksBuildPhase;
			buildActionMask = 2147483647;
			files = (
			);
			runOnlyForDeploymentPostprocessing = 0;
		};
/* End PBXFrameworksBuildPhase section */

/* Begin PBXGroup section */
		C721611F2BE4474C009BDEF8 /* Audio Files */ = {
			isa = PBXGroup;
			children = (
				C72161242BE856D2009BDEF8 /* clapping_and_cheering.mp3 */,
				C72161222BE8543E009BDEF8 /* golf_swing.mp3 */,
			);
			path = "Audio Files";
			sourceTree = "<group>";
		};
		C74774742B1FBA9B00872705 /* Add New Courses Views */ = {
			isa = PBXGroup;
			children = (
				C729EC932B1130C500994DDC /* AddNewCoursesViews.swift */,
			);
			path = "Add New Courses Views";
			sourceTree = "<group>";
		};
		C74CB2612AC7475D00AC53D7 /* Setup Player Views */ = {
			isa = PBXGroup;
			children = (
				C74CB25F2AC7429D00AC53D7 /* SetupPlayers.swift */,
				C7CDAF9E2AD215AA006C0886 /* ViewModel */,
			);
			path = "Setup Player Views";
			sourceTree = "<group>";
		};
		C74CB2642AC886CE00AC53D7 /* App Specific Extensions */ = {
			isa = PBXGroup;
			children = (
				C72241D02B87B20A004C0444 /* golfBallLoader.swift */,
				C7D48A5E2BDD89A000FCD492 /* SettingsButton.swift */,
				C75B9C042BAF48D600945371 /* RectReader.swift */,
				C721611B2BE42307009BDEF8 /* AccessibilityZoom.swift */,
			);
			path = "App Specific Extensions";
			sourceTree = "<group>";
		};
		C760EAE62AB8F7FF000DFE09 = {
			isa = PBXGroup;
			children = (
				C760EAF12AB8F7FF000DFE09 /* PutPutGolf */,
				C7859A122AF2C1AE00F4CF82 /* PutPutGolf_Tests */,
				C760EAF02AB8F7FF000DFE09 /* Products */,
			);
			sourceTree = "<group>";
		};
		C760EAF02AB8F7FF000DFE09 /* Products */ = {
			isa = PBXGroup;
			children = (
				C760EAEF2AB8F7FF000DFE09 /* PutPutGolf.app */,
				C7859A112AF2C1AE00F4CF82 /* PutPutGolf_Tests.xctest */,
			);
			name = Products;
			sourceTree = "<group>";
		};
		C760EAF12AB8F7FF000DFE09 /* PutPutGolf */ = {
			isa = PBXGroup;
			children = (
				C78F76352C1CC27D00EF1D75 /* TODO.swift */,
				C7B7F1F92BE863D100542629 /* PutPutGolf.entitlements */,
				C74CB2432AC4CD1000AC53D7 /* Info.plist */,
				C7B2904A2BB793B300DA1776 /* PuttPuttGolf.swift */,
				C74CB26F2AC892C000AC53D7 /* NavigationStore.swift */,
				C760EB072AB8F923000DFE09 /* Views */,
				C760EB002AB8F80F000DFE09 /* Models */,
				C760EB152ABE0AB3000DFE09 /* DataServices */,
				C7F3CD952C3DEEB700BC7614 /* Helper Files */,
				C74CB2642AC886CE00AC53D7 /* App Specific Extensions */,
				C721611F2BE4474C009BDEF8 /* Audio Files */,
				C760EAF62AB8F801000DFE09 /* Assets.xcassets */,
				C760EAF82AB8F801000DFE09 /* Preview Content */,
			);
			path = PutPutGolf;
			sourceTree = "<group>";
		};
		C760EAF82AB8F801000DFE09 /* Preview Content */ = {
			isa = PBXGroup;
			children = (
				C760EAF92AB8F801000DFE09 /* Preview Assets.xcassets */,
			);
			path = "Preview Content";
			sourceTree = "<group>";
		};
		C760EB002AB8F80F000DFE09 /* Models */ = {
			isa = PBXGroup;
			children = (
				C760EB012AB8F825000DFE09 /* Course.swift */,
				C760EB032AB8F877000DFE09 /* Hole.swift */,
				C760EB0C2AB8F9FA000DFE09 /* Challenge.swift */,
				C760EB052AB8F8D9000DFE09 /* Player.swift */,
				C74CB25D2AC6399E00AC53D7 /* SavedGame.swift */,
				C75751762B1BA8AF00308F73 /* AlertType.swift */,
				C72161202BE45346009BDEF8 /* MiscModels.swift */,
			);
			path = Models;
			sourceTree = "<group>";
		};
		C760EB072AB8F923000DFE09 /* Views */ = {
			isa = PBXGroup;
			children = (
				C786ED422BD2E79600D3ACD2 /* Main */,
				C7AC53D22B93990000496C4B /* Quick Play Views */,
				C760EB182ABE0BEB000DFE09 /* Map Play Views */,
				C74774742B1FBA9B00872705 /* Add New Courses Views */,
			);
			path = Views;
			sourceTree = "<group>";
		};
		C760EB122ABD0879000DFE09 /* Score Card */ = {
			isa = PBXGroup;
			children = (
				C760EB082AB8F94B000DFE09 /* ScoreCardView.swift */,
				C746C3912B4222350021C5C3 /* ScoreCardExitMenuButton.swift */,
				C795698F2B379E2000C24180 /* WinnerVictoryView.swift */,
				C7D48A622BE1C30D00FCD492 /* Components */,
				C7CDAF9F2AD215BC006C0886 /* ViewModel */,
			);
			path = "Score Card";
			sourceTree = "<group>";
		};
		C760EB152ABE0AB3000DFE09 /* DataServices */ = {
			isa = PBXGroup;
			children = (
				C760EB162ABE0AD6000DFE09 /* DataServices.swift */,
				C760EB0A2AB8F99B000DFE09 /* MockData.swift */,
			);
			path = DataServices;
			sourceTree = "<group>";
		};
		C760EB182ABE0BEB000DFE09 /* Map Play Views */ = {
			isa = PBXGroup;
			children = (
				C7AA251C2BD06BFD00E01827 /* CoursesMap */,
				C74CB2612AC7475D00AC53D7 /* Setup Player Views */,
				C760EB122ABD0879000DFE09 /* Score Card */,
			);
			path = "Map Play Views";
			sourceTree = "<group>";
		};
		C760EB222AC2527F000DFE09 /* Components */ = {
			isa = PBXGroup;
			children = (
				C7B0FEF22B000852005C9617 /* CourseAnnotationItem.swift */,
				C7CDAF9A2AD1E8CD006C0886 /* CoursesList.swift */,
				C7CDAFA42AD5CCCA006C0886 /* CourseInfoPanel.swift */,
			);
			path = Components;
			sourceTree = "<group>";
		};
		C7859A122AF2C1AE00F4CF82 /* PutPutGolf_Tests */ = {
			isa = PBXGroup;
			children = (
				C7859A1C2AF31AE600F4CF82 /* MockDataService_Tests.swift */,
				C7859A1A2AF2C51700F4CF82 /* CoursesViewModel_Tests.swift */,
				C7859A1E2AF4268000F4CF82 /* SetupPlayerViewModel_Tests.swift */,
				C7859A202AF4550700F4CF82 /* ScoreCardViewModel_Tests.swift */,
			);
			path = PutPutGolf_Tests;
			sourceTree = "<group>";
		};
		C786ED422BD2E79600D3ACD2 /* Main */ = {
			isa = PBXGroup;
			children = (
				C7AC53D32B93993900496C4B /* MainContent.swift */,
				C70ABA5E2B91010200A11A5F /* ChoosePlayMode.swift */,
				C7D48A5B2BDC6D0700FCD492 /* Settings.swift */,
				C78F763B2C1E618E00EF1D75 /* Components */,
			);
			path = Main;
			sourceTree = "<group>";
		};
		C78F763A2C1E617400EF1D75 /* Components */ = {
			isa = PBXGroup;
			children = (
				C73F11B52BD1F0F900225C39 /* QuickPlayWinnerView.swift */,
				C730C7E02BA8AF3D0083B84E /* 3WayToggle.swift */,
			);
			path = Components;
			sourceTree = "<group>";
		};
		C78F763B2C1E618E00EF1D75 /* Components */ = {
			isa = PBXGroup;
			children = (
				C78F76382C1E5B1B00EF1D75 /* GolfToggleStyle.swift */,
			);
			path = Components;
			sourceTree = "<group>";
		};
		C7AA251C2BD06BFD00E01827 /* CoursesMap */ = {
			isa = PBXGroup;
			children = (
				C7A9BA8F2AC4AA3100A69B81 /* CoursesMap.swift */,
				C760EB1D2ABF57B8000DFE09 /* CourseInfo.swift */,
				C760EB222AC2527F000DFE09 /* Components */,
				C7CDAF9D2AD21578006C0886 /* ViewModel */,
			);
			path = CoursesMap;
			sourceTree = "<group>";
		};
		C7AC53D22B93990000496C4B /* Quick Play Views */ = {
			isa = PBXGroup;
			children = (
				C765B6BE2BBA4F7D0052F1D6 /* SetPlayerCountPage.swift */,
				C765B6C02BBA4FD00052F1D6 /* SetPlayerNamesPage.swift */,
				C730C7D32B96999C0083B84E /* QuickPlay.swift */,
				C78F763A2C1E617400EF1D75 /* Components */,
			);
			path = "Quick Play Views";
			sourceTree = "<group>";
		};
		C7CDAF9D2AD21578006C0886 /* ViewModel */ = {
			isa = PBXGroup;
			children = (
				C760EB192ABE0C1A000DFE09 /* CoursesMap_ViewModel.swift */,
			);
			path = ViewModel;
			sourceTree = "<group>";
		};
		C7CDAF9E2AD215AA006C0886 /* ViewModel */ = {
			isa = PBXGroup;
			children = (
				C74CB2622AC7477800AC53D7 /* SetupPlayer_ViewModel.swift */,
			);
			path = ViewModel;
			sourceTree = "<group>";
		};
		C7CDAF9F2AD215BC006C0886 /* ViewModel */ = {
			isa = PBXGroup;
			children = (
				C760EB132ABD0898000DFE09 /* ScoreCard_ViewModel.swift */,
			);
			path = ViewModel;
			sourceTree = "<group>";
		};
		C7D48A622BE1C30D00FCD492 /* Components */ = {
			isa = PBXGroup;
			children = (
				C7D48A632BE1C34300FCD492 /* ScoreCardComponentViews.swift */,
			);
			path = Components;
			sourceTree = "<group>";
		};
		C7F3CD952C3DEEB700BC7614 /* Helper Files */ = {
			isa = PBXGroup;
			children = (
				C73F11B32BD1C73700225C39 /* ShowAlert.swift */,
				C78D4EFB2B439E8900BDD1D8 /* CustomSheet.swift */,
				C708D3C82B509223003FDE88 /* NotificationPill.swift */,
				C7D48A602BE00D8900FCD492 /* HapticManager.swift */,
				C721611D2BE44349009BDEF8 /* SoundManager.swift */,
				C7F3CD962C3DEEF700BC7614 /* Image Extenstion.swift */,
				C7928C242C431B6B0056FAED /* PopoverTips.swift */,
			);
			path = "Helper Files";
			sourceTree = "<group>";
		};
/* End PBXGroup section */

/* Begin PBXNativeTarget section */
		C760EAEE2AB8F7FF000DFE09 /* PutPutGolf */ = {
			isa = PBXNativeTarget;
			buildConfigurationList = C760EAFD2AB8F801000DFE09 /* Build configuration list for PBXNativeTarget "PutPutGolf" */;
			buildPhases = (
				C760EAEB2AB8F7FF000DFE09 /* Sources */,
				C760EAEC2AB8F7FF000DFE09 /* Frameworks */,
				C760EAED2AB8F7FF000DFE09 /* Resources */,
			);
			buildRules = (
			);
			dependencies = (
			);
			name = PutPutGolf;
			packageProductDependencies = (
				C7859A232AF6AF5D00F4CF82 /* Alamofire */,
				C78759652B3E5289004FE7FE /* ConfettiSwiftUI */,
				C75B9C0A2BAF4C2100945371 /* KGViews */,
				C75B9C0D2BAF4C3500945371 /* KGImageChooser */,
				C779733D2C24A22D000CAE8C /* AMPopTip */,
				C7F3CD912C3A162500BC7614 /* KGToolbelt */,
			);
			productName = PutPutGolf;
			productReference = C760EAEF2AB8F7FF000DFE09 /* PutPutGolf.app */;
			productType = "com.apple.product-type.application";
		};
		C7859A102AF2C1AE00F4CF82 /* PutPutGolf_Tests */ = {
			isa = PBXNativeTarget;
			buildConfigurationList = C7859A172AF2C1AE00F4CF82 /* Build configuration list for PBXNativeTarget "PutPutGolf_Tests" */;
			buildPhases = (
				C7859A0D2AF2C1AE00F4CF82 /* Sources */,
				C7859A0E2AF2C1AE00F4CF82 /* Frameworks */,
				C7859A0F2AF2C1AE00F4CF82 /* Resources */,
			);
			buildRules = (
			);
			dependencies = (
				C7859A162AF2C1AE00F4CF82 /* PBXTargetDependency */,
			);
			name = PutPutGolf_Tests;
			packageProductDependencies = (
			);
			productName = PutPutGolf_Tests;
			productReference = C7859A112AF2C1AE00F4CF82 /* PutPutGolf_Tests.xctest */;
			productType = "com.apple.product-type.bundle.unit-test";
		};
/* End PBXNativeTarget section */

/* Begin PBXProject section */
		C760EAE72AB8F7FF000DFE09 /* Project object */ = {
			isa = PBXProject;
			attributes = {
				BuildIndependentTargetsInParallel = 1;
				LastSwiftUpdateCheck = 1500;
				LastUpgradeCheck = 1510;
				TargetAttributes = {
					C760EAEE2AB8F7FF000DFE09 = {
						CreatedOnToolsVersion = 14.3.1;
					};
					C7859A102AF2C1AE00F4CF82 = {
						CreatedOnToolsVersion = 15.0.1;
						TestTargetID = C760EAEE2AB8F7FF000DFE09;
					};
				};
			};
			buildConfigurationList = C760EAEA2AB8F7FF000DFE09 /* Build configuration list for PBXProject "PutPutGolf" */;
			compatibilityVersion = "Xcode 14.0";
			developmentRegion = en;
			hasScannedForEncodings = 0;
			knownRegions = (
				en,
				Base,
			);
			mainGroup = C760EAE62AB8F7FF000DFE09;
			packageReferences = (
				C7859A222AF6AF5D00F4CF82 /* XCRemoteSwiftPackageReference "Alamofire" */,
				C78759642B3E5289004FE7FE /* XCRemoteSwiftPackageReference "ConfettiSwiftUI" */,
				C75B9C092BAF4C2100945371 /* XCRemoteSwiftPackageReference "KGViews" */,
				C75B9C0C2BAF4C3500945371 /* XCRemoteSwiftPackageReference "KGImageChooser" */,
				C779733C2C24A22D000CAE8C /* XCRemoteSwiftPackageReference "AMPopTip" */,
				C7F3CD902C3A162500BC7614 /* XCRemoteSwiftPackageReference "KGToolbelt" */,
			);
			productRefGroup = C760EAF02AB8F7FF000DFE09 /* Products */;
			projectDirPath = "";
			projectRoot = "";
			targets = (
				C760EAEE2AB8F7FF000DFE09 /* PutPutGolf */,
				C7859A102AF2C1AE00F4CF82 /* PutPutGolf_Tests */,
			);
		};
/* End PBXProject section */

/* Begin PBXResourcesBuildPhase section */
		C760EAED2AB8F7FF000DFE09 /* Resources */ = {
			isa = PBXResourcesBuildPhase;
			buildActionMask = 2147483647;
			files = (
				C760EAFA2AB8F801000DFE09 /* Preview Assets.xcassets in Resources */,
				C760EAF72AB8F801000DFE09 /* Assets.xcassets in Resources */,
				C72161232BE8543E009BDEF8 /* golf_swing.mp3 in Resources */,
				C72161252BE856D2009BDEF8 /* clapping_and_cheering.mp3 in Resources */,
			);
			runOnlyForDeploymentPostprocessing = 0;
		};
		C7859A0F2AF2C1AE00F4CF82 /* Resources */ = {
			isa = PBXResourcesBuildPhase;
			buildActionMask = 2147483647;
			files = (
			);
			runOnlyForDeploymentPostprocessing = 0;
		};
/* End PBXResourcesBuildPhase section */

/* Begin PBXSourcesBuildPhase section */
		C760EAEB2AB8F7FF000DFE09 /* Sources */ = {
			isa = PBXSourcesBuildPhase;
			buildActionMask = 2147483647;
			files = (
				C708D3C92B509223003FDE88 /* NotificationPill.swift in Sources */,
				C73F11B62BD1F0F900225C39 /* QuickPlayWinnerView.swift in Sources */,
				C74CB2702AC892C000AC53D7 /* NavigationStore.swift in Sources */,
				C760EB1A2ABE0C1A000DFE09 /* CoursesMap_ViewModel.swift in Sources */,
				C760EB142ABD0898000DFE09 /* ScoreCard_ViewModel.swift in Sources */,
				C721611C2BE42307009BDEF8 /* AccessibilityZoom.swift in Sources */,
				C72241D12B87B20A004C0444 /* golfBallLoader.swift in Sources */,
				C721611E2BE44349009BDEF8 /* SoundManager.swift in Sources */,
				C72161212BE45346009BDEF8 /* MiscModels.swift in Sources */,
				C74CB25E2AC6399E00AC53D7 /* SavedGame.swift in Sources */,
				C7F3CD972C3DEEF700BC7614 /* Image Extenstion.swift in Sources */,
				C7D48A5C2BDC6D0800FCD492 /* Settings.swift in Sources */,
				C75751772B1BA8AF00308F73 /* AlertType.swift in Sources */,
				C730C7D42B96999C0083B84E /* QuickPlay.swift in Sources */,
				C79569902B379E2000C24180 /* WinnerVictoryView.swift in Sources */,
				C7CDAF9B2AD1E8CD006C0886 /* CoursesList.swift in Sources */,
				C730C7E12BA8AF3D0083B84E /* 3WayToggle.swift in Sources */,
				C760EB042AB8F877000DFE09 /* Hole.swift in Sources */,
				C729EC942B1130C500994DDC /* AddNewCoursesViews.swift in Sources */,
				C760EB1E2ABF57B8000DFE09 /* CourseInfo.swift in Sources */,
				C74CB2602AC7429D00AC53D7 /* SetupPlayers.swift in Sources */,
				C7D48A642BE1C34300FCD492 /* ScoreCardComponentViews.swift in Sources */,
				C760EB062AB8F8D9000DFE09 /* Player.swift in Sources */,
				C7A9BA902AC4AA3100A69B81 /* CoursesMap.swift in Sources */,
				C73F11B42BD1C73700225C39 /* ShowAlert.swift in Sources */,
				C70ABA5F2B91010200A11A5F /* ChoosePlayMode.swift in Sources */,
				C7D48A612BE00D8900FCD492 /* HapticManager.swift in Sources */,
				C75B9C052BAF48D600945371 /* RectReader.swift in Sources */,
				C760EB172ABE0AD6000DFE09 /* DataServices.swift in Sources */,
				C765B6BF2BBA4F7D0052F1D6 /* SetPlayerCountPage.swift in Sources */,
				C78F76392C1E5B1B00EF1D75 /* GolfToggleStyle.swift in Sources */,
				C760EB022AB8F825000DFE09 /* Course.swift in Sources */,
				C78F76362C1CC27D00EF1D75 /* TODO.swift in Sources */,
				C746C3922B4222350021C5C3 /* ScoreCardExitMenuButton.swift in Sources */,
				C74CB2632AC7477800AC53D7 /* SetupPlayer_ViewModel.swift in Sources */,
				C760EB0D2AB8F9FA000DFE09 /* Challenge.swift in Sources */,
				C7B0FEF32B000852005C9617 /* CourseAnnotationItem.swift in Sources */,
				C760EB0B2AB8F99B000DFE09 /* MockData.swift in Sources */,
				C760EB092AB8F94B000DFE09 /* ScoreCardView.swift in Sources */,
				C7B2904B2BB793B300DA1776 /* PuttPuttGolf.swift in Sources */,
				C7AC53D42B93993900496C4B /* MainContent.swift in Sources */,
				C78D4EFC2B439E8900BDD1D8 /* CustomSheet.swift in Sources */,
				C765B6C12BBA4FD00052F1D6 /* SetPlayerNamesPage.swift in Sources */,
				C7928C252C431B6B0056FAED /* PopoverTips.swift in Sources */,
				C7D48A5F2BDD89A000FCD492 /* SettingsButton.swift in Sources */,
				C7CDAFA52AD5CCCA006C0886 /* CourseInfoPanel.swift in Sources */,
			);
			runOnlyForDeploymentPostprocessing = 0;
		};
		C7859A0D2AF2C1AE00F4CF82 /* Sources */ = {
			isa = PBXSourcesBuildPhase;
			buildActionMask = 2147483647;
			files = (
				C7859A1B2AF2C51700F4CF82 /* CoursesViewModel_Tests.swift in Sources */,
				C7859A212AF4550700F4CF82 /* ScoreCardViewModel_Tests.swift in Sources */,
				C7859A1F2AF4268000F4CF82 /* SetupPlayerViewModel_Tests.swift in Sources */,
				C7859A1D2AF31AE600F4CF82 /* MockDataService_Tests.swift in Sources */,
			);
			runOnlyForDeploymentPostprocessing = 0;
		};
/* End PBXSourcesBuildPhase section */

/* Begin PBXTargetDependency section */
		C7859A162AF2C1AE00F4CF82 /* PBXTargetDependency */ = {
			isa = PBXTargetDependency;
			target = C760EAEE2AB8F7FF000DFE09 /* PutPutGolf */;
			targetProxy = C7859A152AF2C1AE00F4CF82 /* PBXContainerItemProxy */;
		};
/* End PBXTargetDependency section */

/* Begin XCBuildConfiguration section */
		C760EAFB2AB8F801000DFE09 /* Debug */ = {
			isa = XCBuildConfiguration;
			buildSettings = {
				ALWAYS_SEARCH_USER_PATHS = NO;
				ASSETCATALOG_COMPILER_GENERATE_SWIFT_ASSET_SYMBOL_EXTENSIONS = YES;
				CLANG_ANALYZER_NONNULL = YES;
				CLANG_ANALYZER_NUMBER_OBJECT_CONVERSION = YES_AGGRESSIVE;
				CLANG_CXX_LANGUAGE_STANDARD = "gnu++20";
				CLANG_ENABLE_MODULES = YES;
				CLANG_ENABLE_OBJC_ARC = YES;
				CLANG_ENABLE_OBJC_WEAK = YES;
				CLANG_WARN_BLOCK_CAPTURE_AUTORELEASING = YES;
				CLANG_WARN_BOOL_CONVERSION = YES;
				CLANG_WARN_COMMA = YES;
				CLANG_WARN_CONSTANT_CONVERSION = YES;
				CLANG_WARN_DEPRECATED_OBJC_IMPLEMENTATIONS = YES;
				CLANG_WARN_DIRECT_OBJC_ISA_USAGE = YES_ERROR;
				CLANG_WARN_DOCUMENTATION_COMMENTS = YES;
				CLANG_WARN_EMPTY_BODY = YES;
				CLANG_WARN_ENUM_CONVERSION = YES;
				CLANG_WARN_INFINITE_RECURSION = YES;
				CLANG_WARN_INT_CONVERSION = YES;
				CLANG_WARN_NON_LITERAL_NULL_CONVERSION = YES;
				CLANG_WARN_OBJC_IMPLICIT_RETAIN_SELF = YES;
				CLANG_WARN_OBJC_LITERAL_CONVERSION = YES;
				CLANG_WARN_OBJC_ROOT_CLASS = YES_ERROR;
				CLANG_WARN_QUOTED_INCLUDE_IN_FRAMEWORK_HEADER = YES;
				CLANG_WARN_RANGE_LOOP_ANALYSIS = YES;
				CLANG_WARN_STRICT_PROTOTYPES = YES;
				CLANG_WARN_SUSPICIOUS_MOVE = YES;
				CLANG_WARN_UNGUARDED_AVAILABILITY = YES_AGGRESSIVE;
				CLANG_WARN_UNREACHABLE_CODE = YES;
				CLANG_WARN__DUPLICATE_METHOD_MATCH = YES;
				COPY_PHASE_STRIP = NO;
				DEBUG_INFORMATION_FORMAT = dwarf;
				ENABLE_STRICT_OBJC_MSGSEND = YES;
				ENABLE_TESTABILITY = YES;
				ENABLE_USER_SCRIPT_SANDBOXING = YES;
				GCC_C_LANGUAGE_STANDARD = gnu11;
				GCC_DYNAMIC_NO_PIC = NO;
				GCC_NO_COMMON_BLOCKS = YES;
				GCC_OPTIMIZATION_LEVEL = 0;
				GCC_PREPROCESSOR_DEFINITIONS = (
					"DEBUG=1",
					"$(inherited)",
				);
				GCC_WARN_64_TO_32_BIT_CONVERSION = YES;
				GCC_WARN_ABOUT_RETURN_TYPE = YES_ERROR;
				GCC_WARN_UNDECLARED_SELECTOR = YES;
				GCC_WARN_UNINITIALIZED_AUTOS = YES_AGGRESSIVE;
				GCC_WARN_UNUSED_FUNCTION = YES;
				GCC_WARN_UNUSED_VARIABLE = YES;
				IPHONEOS_DEPLOYMENT_TARGET = 16.0;
				MTL_ENABLE_DEBUG_INFO = INCLUDE_SOURCE;
				MTL_FAST_MATH = YES;
				ONLY_ACTIVE_ARCH = YES;
				SDKROOT = iphoneos;
				SWIFT_ACTIVE_COMPILATION_CONDITIONS = DEBUG;
				SWIFT_OPTIMIZATION_LEVEL = "-Onone";
			};
			name = Debug;
		};
		C760EAFC2AB8F801000DFE09 /* Release */ = {
			isa = XCBuildConfiguration;
			buildSettings = {
				ALWAYS_SEARCH_USER_PATHS = NO;
				ASSETCATALOG_COMPILER_GENERATE_SWIFT_ASSET_SYMBOL_EXTENSIONS = YES;
				CLANG_ANALYZER_NONNULL = YES;
				CLANG_ANALYZER_NUMBER_OBJECT_CONVERSION = YES_AGGRESSIVE;
				CLANG_CXX_LANGUAGE_STANDARD = "gnu++20";
				CLANG_ENABLE_MODULES = YES;
				CLANG_ENABLE_OBJC_ARC = YES;
				CLANG_ENABLE_OBJC_WEAK = YES;
				CLANG_WARN_BLOCK_CAPTURE_AUTORELEASING = YES;
				CLANG_WARN_BOOL_CONVERSION = YES;
				CLANG_WARN_COMMA = YES;
				CLANG_WARN_CONSTANT_CONVERSION = YES;
				CLANG_WARN_DEPRECATED_OBJC_IMPLEMENTATIONS = YES;
				CLANG_WARN_DIRECT_OBJC_ISA_USAGE = YES_ERROR;
				CLANG_WARN_DOCUMENTATION_COMMENTS = YES;
				CLANG_WARN_EMPTY_BODY = YES;
				CLANG_WARN_ENUM_CONVERSION = YES;
				CLANG_WARN_INFINITE_RECURSION = YES;
				CLANG_WARN_INT_CONVERSION = YES;
				CLANG_WARN_NON_LITERAL_NULL_CONVERSION = YES;
				CLANG_WARN_OBJC_IMPLICIT_RETAIN_SELF = YES;
				CLANG_WARN_OBJC_LITERAL_CONVERSION = YES;
				CLANG_WARN_OBJC_ROOT_CLASS = YES_ERROR;
				CLANG_WARN_QUOTED_INCLUDE_IN_FRAMEWORK_HEADER = YES;
				CLANG_WARN_RANGE_LOOP_ANALYSIS = YES;
				CLANG_WARN_STRICT_PROTOTYPES = YES;
				CLANG_WARN_SUSPICIOUS_MOVE = YES;
				CLANG_WARN_UNGUARDED_AVAILABILITY = YES_AGGRESSIVE;
				CLANG_WARN_UNREACHABLE_CODE = YES;
				CLANG_WARN__DUPLICATE_METHOD_MATCH = YES;
				COPY_PHASE_STRIP = NO;
				DEBUG_INFORMATION_FORMAT = "dwarf-with-dsym";
				ENABLE_NS_ASSERTIONS = NO;
				ENABLE_STRICT_OBJC_MSGSEND = YES;
				ENABLE_USER_SCRIPT_SANDBOXING = YES;
				GCC_C_LANGUAGE_STANDARD = gnu11;
				GCC_NO_COMMON_BLOCKS = YES;
				GCC_WARN_64_TO_32_BIT_CONVERSION = YES;
				GCC_WARN_ABOUT_RETURN_TYPE = YES_ERROR;
				GCC_WARN_UNDECLARED_SELECTOR = YES;
				GCC_WARN_UNINITIALIZED_AUTOS = YES_AGGRESSIVE;
				GCC_WARN_UNUSED_FUNCTION = YES;
				GCC_WARN_UNUSED_VARIABLE = YES;
				IPHONEOS_DEPLOYMENT_TARGET = 16.0;
				MTL_ENABLE_DEBUG_INFO = NO;
				MTL_FAST_MATH = YES;
				SDKROOT = iphoneos;
				SWIFT_COMPILATION_MODE = wholemodule;
				SWIFT_OPTIMIZATION_LEVEL = "-O";
				VALIDATE_PRODUCT = YES;
			};
			name = Release;
		};
		C760EAFE2AB8F801000DFE09 /* Debug */ = {
			isa = XCBuildConfiguration;
			buildSettings = {
				ASSETCATALOG_COMPILER_APPICON_NAME = AppIcon;
				ASSETCATALOG_COMPILER_GLOBAL_ACCENT_COLOR_NAME = AccentColor;
				ASSETCATALOG_COMPILER_INCLUDE_ALL_APPICON_ASSETS = NO;
				CODE_SIGN_ENTITLEMENTS = PutPutGolf/PutPutGolf.entitlements;
				CODE_SIGN_IDENTITY = "Apple Development";
				CODE_SIGN_STYLE = Automatic;
				CURRENT_PROJECT_VERSION = 1;
				DEVELOPMENT_ASSET_PATHS = "\"PutPutGolf/Preview Content\"";
				DEVELOPMENT_TEAM = KY6DPH5Y6J;
				ENABLE_PREVIEWS = YES;
				GENERATE_INFOPLIST_FILE = YES;
				INFOPLIST_FILE = PutPutGolf/Info.plist;
				INFOPLIST_KEY_UIApplicationSceneManifest_Generation = YES;
				INFOPLIST_KEY_UIApplicationSupportsIndirectInputEvents = YES;
				INFOPLIST_KEY_UILaunchScreen_Generation = YES;
				INFOPLIST_KEY_UISupportedInterfaceOrientations = "UIInterfaceOrientationLandscapeRight UIInterfaceOrientationPortrait";
				INFOPLIST_KEY_UISupportedInterfaceOrientations_iPad = UIInterfaceOrientationPortrait;
				IPHONEOS_DEPLOYMENT_TARGET = 16.4;
				LD_RUNPATH_SEARCH_PATHS = (
					"$(inherited)",
					"@executable_path/Frameworks",
				);
				MARKETING_VERSION = 1.0;
				PRODUCT_BUNDLE_IDENTIFIER = com.kevinGreen.PutPutGolf;
				PRODUCT_NAME = "$(TARGET_NAME)";
				PROVISIONING_PROFILE_SPECIFIER = "";
				SUPPORTED_PLATFORMS = "iphoneos iphonesimulator";
				SUPPORTS_MACCATALYST = NO;
				SUPPORTS_MAC_DESIGNED_FOR_IPHONE_IPAD = NO;
				SUPPORTS_XR_DESIGNED_FOR_IPHONE_IPAD = NO;
				SWIFT_EMIT_LOC_STRINGS = YES;
				SWIFT_VERSION = 5.0;
				TARGETED_DEVICE_FAMILY = 1;
			};
			name = Debug;
		};
		C760EAFF2AB8F801000DFE09 /* Release */ = {
			isa = XCBuildConfiguration;
			buildSettings = {
				ASSETCATALOG_COMPILER_APPICON_NAME = AppIcon;
				ASSETCATALOG_COMPILER_GLOBAL_ACCENT_COLOR_NAME = AccentColor;
				ASSETCATALOG_COMPILER_INCLUDE_ALL_APPICON_ASSETS = NO;
				CODE_SIGN_ENTITLEMENTS = PutPutGolf/PutPutGolf.entitlements;
				CODE_SIGN_IDENTITY = "Apple Development";
				CODE_SIGN_STYLE = Automatic;
				CURRENT_PROJECT_VERSION = 1;
				DEVELOPMENT_ASSET_PATHS = "\"PutPutGolf/Preview Content\"";
				DEVELOPMENT_TEAM = KY6DPH5Y6J;
				ENABLE_PREVIEWS = YES;
				GENERATE_INFOPLIST_FILE = YES;
				INFOPLIST_FILE = PutPutGolf/Info.plist;
				INFOPLIST_KEY_UIApplicationSceneManifest_Generation = YES;
				INFOPLIST_KEY_UIApplicationSupportsIndirectInputEvents = YES;
				INFOPLIST_KEY_UILaunchScreen_Generation = YES;
				INFOPLIST_KEY_UISupportedInterfaceOrientations = "UIInterfaceOrientationLandscapeRight UIInterfaceOrientationPortrait";
				INFOPLIST_KEY_UISupportedInterfaceOrientations_iPad = UIInterfaceOrientationPortrait;
				IPHONEOS_DEPLOYMENT_TARGET = 16.4;
				LD_RUNPATH_SEARCH_PATHS = (
					"$(inherited)",
					"@executable_path/Frameworks",
				);
				MARKETING_VERSION = 1.0;
				PRODUCT_BUNDLE_IDENTIFIER = com.kevinGreen.PutPutGolf;
				PRODUCT_NAME = "$(TARGET_NAME)";
				PROVISIONING_PROFILE_SPECIFIER = "";
				SUPPORTED_PLATFORMS = "iphoneos iphonesimulator";
				SUPPORTS_MACCATALYST = NO;
				SUPPORTS_MAC_DESIGNED_FOR_IPHONE_IPAD = NO;
				SUPPORTS_XR_DESIGNED_FOR_IPHONE_IPAD = NO;
				SWIFT_EMIT_LOC_STRINGS = YES;
				SWIFT_VERSION = 5.0;
				TARGETED_DEVICE_FAMILY = 1;
			};
			name = Release;
		};
		C7859A182AF2C1AE00F4CF82 /* Debug */ = {
			isa = XCBuildConfiguration;
			buildSettings = {
				ASSETCATALOG_COMPILER_GENERATE_SWIFT_ASSET_SYMBOL_EXTENSIONS = YES;
				BUNDLE_LOADER = "$(TEST_HOST)";
				CODE_SIGN_STYLE = Automatic;
				CURRENT_PROJECT_VERSION = 1;
				DEVELOPMENT_TEAM = KY6DPH5Y6J;
				GCC_C_LANGUAGE_STANDARD = gnu17;
				GENERATE_INFOPLIST_FILE = YES;
				IPHONEOS_DEPLOYMENT_TARGET = 16.4;
				LOCALIZATION_PREFERS_STRING_CATALOGS = YES;
				MARKETING_VERSION = 1.0;
				PRODUCT_BUNDLE_IDENTIFIER = "com.kevinGreen.PutPutGolf-Tests";
				PRODUCT_NAME = "$(TARGET_NAME)";
				SWIFT_ACTIVE_COMPILATION_CONDITIONS = "DEBUG $(inherited)";
				SWIFT_EMIT_LOC_STRINGS = NO;
				SWIFT_VERSION = 5.0;
				TARGETED_DEVICE_FAMILY = "1,2";
				TEST_HOST = "$(BUILT_PRODUCTS_DIR)/PutPutGolf.app/$(BUNDLE_EXECUTABLE_FOLDER_PATH)/PutPutGolf";
			};
			name = Debug;
		};
		C7859A192AF2C1AE00F4CF82 /* Release */ = {
			isa = XCBuildConfiguration;
			buildSettings = {
				ASSETCATALOG_COMPILER_GENERATE_SWIFT_ASSET_SYMBOL_EXTENSIONS = YES;
				BUNDLE_LOADER = "$(TEST_HOST)";
				CODE_SIGN_STYLE = Automatic;
				CURRENT_PROJECT_VERSION = 1;
				DEVELOPMENT_TEAM = KY6DPH5Y6J;
				GCC_C_LANGUAGE_STANDARD = gnu17;
				GENERATE_INFOPLIST_FILE = YES;
				IPHONEOS_DEPLOYMENT_TARGET = 16.4;
				LOCALIZATION_PREFERS_STRING_CATALOGS = YES;
				MARKETING_VERSION = 1.0;
				PRODUCT_BUNDLE_IDENTIFIER = "com.kevinGreen.PutPutGolf-Tests";
				PRODUCT_NAME = "$(TARGET_NAME)";
				SWIFT_EMIT_LOC_STRINGS = NO;
				SWIFT_VERSION = 5.0;
				TARGETED_DEVICE_FAMILY = "1,2";
				TEST_HOST = "$(BUILT_PRODUCTS_DIR)/PutPutGolf.app/$(BUNDLE_EXECUTABLE_FOLDER_PATH)/PutPutGolf";
			};
			name = Release;
		};
/* End XCBuildConfiguration section */

/* Begin XCConfigurationList section */
		C760EAEA2AB8F7FF000DFE09 /* Build configuration list for PBXProject "PutPutGolf" */ = {
			isa = XCConfigurationList;
			buildConfigurations = (
				C760EAFB2AB8F801000DFE09 /* Debug */,
				C760EAFC2AB8F801000DFE09 /* Release */,
			);
			defaultConfigurationIsVisible = 0;
			defaultConfigurationName = Release;
		};
		C760EAFD2AB8F801000DFE09 /* Build configuration list for PBXNativeTarget "PutPutGolf" */ = {
			isa = XCConfigurationList;
			buildConfigurations = (
				C760EAFE2AB8F801000DFE09 /* Debug */,
				C760EAFF2AB8F801000DFE09 /* Release */,
			);
			defaultConfigurationIsVisible = 0;
			defaultConfigurationName = Release;
		};
		C7859A172AF2C1AE00F4CF82 /* Build configuration list for PBXNativeTarget "PutPutGolf_Tests" */ = {
			isa = XCConfigurationList;
			buildConfigurations = (
				C7859A182AF2C1AE00F4CF82 /* Debug */,
				C7859A192AF2C1AE00F4CF82 /* Release */,
			);
			defaultConfigurationIsVisible = 0;
			defaultConfigurationName = Release;
		};
/* End XCConfigurationList section */

/* Begin XCRemoteSwiftPackageReference section */
		C75B9C092BAF4C2100945371 /* XCRemoteSwiftPackageReference "KGViews" */ = {
			isa = XCRemoteSwiftPackageReference;
			repositoryURL = "https://github.com/kevingreen22/KGViews";
			requirement = {
				kind = upToNextMajorVersion;
				minimumVersion = 1.0.6;
			};
		};
		C75B9C0C2BAF4C3500945371 /* XCRemoteSwiftPackageReference "KGImageChooser" */ = {
			isa = XCRemoteSwiftPackageReference;
			repositoryURL = "https://github.com/kevingreen22/KGImageChooser";
			requirement = {
				kind = upToNextMajorVersion;
				minimumVersion = 1.0.0;
			};
		};
		C779733C2C24A22D000CAE8C /* XCRemoteSwiftPackageReference "AMPopTip" */ = {
			isa = XCRemoteSwiftPackageReference;
			repositoryURL = "https://github.com/andreamazz/AMPopTip.git";
			requirement = {
				kind = upToNextMajorVersion;
				minimumVersion = 4.12.0;
			};
		};
		C7859A222AF6AF5D00F4CF82 /* XCRemoteSwiftPackageReference "Alamofire" */ = {
			isa = XCRemoteSwiftPackageReference;
			repositoryURL = "https://github.com/Alamofire/Alamofire.git";
			requirement = {
				kind = upToNextMajorVersion;
				minimumVersion = 5.8.1;
			};
		};
		C78759642B3E5289004FE7FE /* XCRemoteSwiftPackageReference "ConfettiSwiftUI" */ = {
			isa = XCRemoteSwiftPackageReference;
			repositoryURL = "https://github.com/simibac/ConfettiSwiftUI.git";
			requirement = {
				kind = upToNextMajorVersion;
				minimumVersion = 1.1.0;
			};
		};
		C7F3CD902C3A162500BC7614 /* XCRemoteSwiftPackageReference "KGToolbelt" */ = {
			isa = XCRemoteSwiftPackageReference;
			repositoryURL = "https://github.com/kevingreen22/KGToolbelt";
			requirement = {
				kind = upToNextMajorVersion;
				minimumVersion = 1.0.3;
			};
		};
/* End XCRemoteSwiftPackageReference section */

/* Begin XCSwiftPackageProductDependency section */
		C75B9C0A2BAF4C2100945371 /* KGViews */ = {
			isa = XCSwiftPackageProductDependency;
			package = C75B9C092BAF4C2100945371 /* XCRemoteSwiftPackageReference "KGViews" */;
			productName = KGViews;
		};
		C75B9C0D2BAF4C3500945371 /* KGImageChooser */ = {
			isa = XCSwiftPackageProductDependency;
			package = C75B9C0C2BAF4C3500945371 /* XCRemoteSwiftPackageReference "KGImageChooser" */;
			productName = KGImageChooser;
		};
		C779733D2C24A22D000CAE8C /* AMPopTip */ = {
			isa = XCSwiftPackageProductDependency;
			package = C779733C2C24A22D000CAE8C /* XCRemoteSwiftPackageReference "AMPopTip" */;
			productName = AMPopTip;
		};
		C7859A232AF6AF5D00F4CF82 /* Alamofire */ = {
			isa = XCSwiftPackageProductDependency;
			package = C7859A222AF6AF5D00F4CF82 /* XCRemoteSwiftPackageReference "Alamofire" */;
			productName = Alamofire;
		};
		C78759652B3E5289004FE7FE /* ConfettiSwiftUI */ = {
			isa = XCSwiftPackageProductDependency;
			package = C78759642B3E5289004FE7FE /* XCRemoteSwiftPackageReference "ConfettiSwiftUI" */;
			productName = ConfettiSwiftUI;
		};
		C7F3CD912C3A162500BC7614 /* KGToolbelt */ = {
			isa = XCSwiftPackageProductDependency;
			package = C7F3CD902C3A162500BC7614 /* XCRemoteSwiftPackageReference "KGToolbelt" */;
			productName = KGToolbelt;
		};
/* End XCSwiftPackageProductDependency section */
	};
	rootObject = C760EAE72AB8F7FF000DFE09 /* Project object */;
}
