// !$*UTF8*$!
{
	archiveVersion = 1;
	classes = {
	};
	objectVersion = 56;
	objects = {

/* Begin PBXBuildFile section */
		C760EAF32AB8F7FF000DFE09 /* PutPutGolfApp.swift in Sources */ = {isa = PBXBuildFile; fileRef = C760EAF22AB8F7FF000DFE09 /* PutPutGolfApp.swift */; };
		C760EAF72AB8F801000DFE09 /* Assets.xcassets in Resources */ = {isa = PBXBuildFile; fileRef = C760EAF62AB8F801000DFE09 /* Assets.xcassets */; };
		C760EAFA2AB8F801000DFE09 /* Preview Assets.xcassets in Resources */ = {isa = PBXBuildFile; fileRef = C760EAF92AB8F801000DFE09 /* Preview Assets.xcassets */; };
		C760EB022AB8F825000DFE09 /* Course.swift in Sources */ = {isa = PBXBuildFile; fileRef = C760EB012AB8F825000DFE09 /* Course.swift */; };
		C760EB042AB8F877000DFE09 /* Hole.swift in Sources */ = {isa = PBXBuildFile; fileRef = C760EB032AB8F877000DFE09 /* Hole.swift */; };
		C760EB062AB8F8D9000DFE09 /* Player.swift in Sources */ = {isa = PBXBuildFile; fileRef = C760EB052AB8F8D9000DFE09 /* Player.swift */; };
		C760EB092AB8F94B000DFE09 /* ScoreCardView.swift in Sources */ = {isa = PBXBuildFile; fileRef = C760EB082AB8F94B000DFE09 /* ScoreCardView.swift */; };
		C760EB0B2AB8F99B000DFE09 /* MockData.swift in Sources */ = {isa = PBXBuildFile; fileRef = C760EB0A2AB8F99B000DFE09 /* MockData.swift */; };
		C760EB0D2AB8F9FA000DFE09 /* Challenge.swift in Sources */ = {isa = PBXBuildFile; fileRef = C760EB0C2AB8F9FA000DFE09 /* Challenge.swift */; };
		C760EB0F2ABBADD9000DFE09 /* selfie.jpg in Resources */ = {isa = PBXBuildFile; fileRef = C760EB0E2ABBADD9000DFE09 /* selfie.jpg */; };
		C760EB112ABBC4C9000DFE09 /* EnterScoreView.swift in Sources */ = {isa = PBXBuildFile; fileRef = C760EB102ABBC4C9000DFE09 /* EnterScoreView.swift */; };
		C760EB142ABD0898000DFE09 /* ScoreCardViewModel.swift in Sources */ = {isa = PBXBuildFile; fileRef = C760EB132ABD0898000DFE09 /* ScoreCardViewModel.swift */; };
		C760EB172ABE0AD6000DFE09 /* DataServices.swift in Sources */ = {isa = PBXBuildFile; fileRef = C760EB162ABE0AD6000DFE09 /* DataServices.swift */; };
		C760EB1A2ABE0C1A000DFE09 /* CoursesViewModel.swift in Sources */ = {isa = PBXBuildFile; fileRef = C760EB192ABE0C1A000DFE09 /* CoursesViewModel.swift */; };
		C760EB1C2ABF5761000DFE09 /* CourseListCell.swift in Sources */ = {isa = PBXBuildFile; fileRef = C760EB1B2ABF5761000DFE09 /* CourseListCell.swift */; };
		C760EB1E2ABF57B8000DFE09 /* CourseInfoView.swift in Sources */ = {isa = PBXBuildFile; fileRef = C760EB1D2ABF57B8000DFE09 /* CourseInfoView.swift */; };
		C760EB202AC135A8000DFE09 /* MainView.swift in Sources */ = {isa = PBXBuildFile; fileRef = C760EB1F2AC135A8000DFE09 /* MainView.swift */; };
		C7A9BA902AC4AA3100A69B81 /* CousesMapView.swift in Sources */ = {isa = PBXBuildFile; fileRef = C7A9BA8F2AC4AA3100A69B81 /* CousesMapView.swift */; };
/* End PBXBuildFile section */

/* Begin PBXFileReference section */
		C74CB2432AC4CD1000AC53D7 /* Info.plist */ = {isa = PBXFileReference; lastKnownFileType = text.plist; path = Info.plist; sourceTree = "<group>"; };
		C760EAEF2AB8F7FF000DFE09 /* PutPutGolf.app */ = {isa = PBXFileReference; explicitFileType = wrapper.application; includeInIndex = 0; path = PutPutGolf.app; sourceTree = BUILT_PRODUCTS_DIR; };
		C760EAF22AB8F7FF000DFE09 /* PutPutGolfApp.swift */ = {isa = PBXFileReference; lastKnownFileType = sourcecode.swift; path = PutPutGolfApp.swift; sourceTree = "<group>"; };
		C760EAF62AB8F801000DFE09 /* Assets.xcassets */ = {isa = PBXFileReference; lastKnownFileType = folder.assetcatalog; path = Assets.xcassets; sourceTree = "<group>"; };
		C760EAF92AB8F801000DFE09 /* Preview Assets.xcassets */ = {isa = PBXFileReference; lastKnownFileType = folder.assetcatalog; path = "Preview Assets.xcassets"; sourceTree = "<group>"; };
		C760EB012AB8F825000DFE09 /* Course.swift */ = {isa = PBXFileReference; lastKnownFileType = sourcecode.swift; path = Course.swift; sourceTree = "<group>"; };
		C760EB032AB8F877000DFE09 /* Hole.swift */ = {isa = PBXFileReference; lastKnownFileType = sourcecode.swift; path = Hole.swift; sourceTree = "<group>"; };
		C760EB052AB8F8D9000DFE09 /* Player.swift */ = {isa = PBXFileReference; lastKnownFileType = sourcecode.swift; path = Player.swift; sourceTree = "<group>"; };
		C760EB082AB8F94B000DFE09 /* ScoreCardView.swift */ = {isa = PBXFileReference; lastKnownFileType = sourcecode.swift; path = ScoreCardView.swift; sourceTree = "<group>"; };
		C760EB0A2AB8F99B000DFE09 /* MockData.swift */ = {isa = PBXFileReference; lastKnownFileType = sourcecode.swift; path = MockData.swift; sourceTree = "<group>"; };
		C760EB0C2AB8F9FA000DFE09 /* Challenge.swift */ = {isa = PBXFileReference; lastKnownFileType = sourcecode.swift; path = Challenge.swift; sourceTree = "<group>"; };
		C760EB0E2ABBADD9000DFE09 /* selfie.jpg */ = {isa = PBXFileReference; lastKnownFileType = image.jpeg; path = selfie.jpg; sourceTree = "<group>"; };
		C760EB102ABBC4C9000DFE09 /* EnterScoreView.swift */ = {isa = PBXFileReference; lastKnownFileType = sourcecode.swift; path = EnterScoreView.swift; sourceTree = "<group>"; };
		C760EB132ABD0898000DFE09 /* ScoreCardViewModel.swift */ = {isa = PBXFileReference; lastKnownFileType = sourcecode.swift; path = ScoreCardViewModel.swift; sourceTree = "<group>"; };
		C760EB162ABE0AD6000DFE09 /* DataServices.swift */ = {isa = PBXFileReference; lastKnownFileType = sourcecode.swift; path = DataServices.swift; sourceTree = "<group>"; };
		C760EB192ABE0C1A000DFE09 /* CoursesViewModel.swift */ = {isa = PBXFileReference; lastKnownFileType = sourcecode.swift; path = CoursesViewModel.swift; sourceTree = "<group>"; };
		C760EB1B2ABF5761000DFE09 /* CourseListCell.swift */ = {isa = PBXFileReference; lastKnownFileType = sourcecode.swift; path = CourseListCell.swift; sourceTree = "<group>"; };
		C760EB1D2ABF57B8000DFE09 /* CourseInfoView.swift */ = {isa = PBXFileReference; lastKnownFileType = sourcecode.swift; path = CourseInfoView.swift; sourceTree = "<group>"; };
		C760EB1F2AC135A8000DFE09 /* MainView.swift */ = {isa = PBXFileReference; lastKnownFileType = sourcecode.swift; path = MainView.swift; sourceTree = "<group>"; };
		C7A9BA8F2AC4AA3100A69B81 /* CousesMapView.swift */ = {isa = PBXFileReference; lastKnownFileType = sourcecode.swift; path = CousesMapView.swift; sourceTree = "<group>"; };
/* End PBXFileReference section */

/* Begin PBXFrameworksBuildPhase section */
		C760EAEC2AB8F7FF000DFE09 /* Frameworks */ = {
			isa = PBXFrameworksBuildPhase;
			buildActionMask = 2147483647;
			files = (
			);
			runOnlyForDeploymentPostprocessing = 0;
		};
/* End PBXFrameworksBuildPhase section */

/* Begin PBXGroup section */
		C760EAE62AB8F7FF000DFE09 = {
			isa = PBXGroup;
			children = (
				C760EAF12AB8F7FF000DFE09 /* PutPutGolf */,
				C760EAF02AB8F7FF000DFE09 /* Products */,
			);
			sourceTree = "<group>";
		};
		C760EAF02AB8F7FF000DFE09 /* Products */ = {
			isa = PBXGroup;
			children = (
				C760EAEF2AB8F7FF000DFE09 /* PutPutGolf.app */,
			);
			name = Products;
			sourceTree = "<group>";
		};
		C760EAF12AB8F7FF000DFE09 /* PutPutGolf */ = {
			isa = PBXGroup;
			children = (
				C74CB2432AC4CD1000AC53D7 /* Info.plist */,
				C760EAF22AB8F7FF000DFE09 /* PutPutGolfApp.swift */,
				C760EB072AB8F923000DFE09 /* Views */,
				C760EB002AB8F80F000DFE09 /* Models */,
				C760EB152ABE0AB3000DFE09 /* DataServices */,
				C760EB0E2ABBADD9000DFE09 /* selfie.jpg */,
				C760EAF62AB8F801000DFE09 /* Assets.xcassets */,
				C760EAF82AB8F801000DFE09 /* Preview Content */,
			);
			path = PutPutGolf;
			sourceTree = "<group>";
		};
		C760EAF82AB8F801000DFE09 /* Preview Content */ = {
			isa = PBXGroup;
			children = (
				C760EAF92AB8F801000DFE09 /* Preview Assets.xcassets */,
			);
			path = "Preview Content";
			sourceTree = "<group>";
		};
		C760EB002AB8F80F000DFE09 /* Models */ = {
			isa = PBXGroup;
			children = (
				C760EB052AB8F8D9000DFE09 /* Player.swift */,
				C760EB012AB8F825000DFE09 /* Course.swift */,
				C760EB032AB8F877000DFE09 /* Hole.swift */,
				C760EB0C2AB8F9FA000DFE09 /* Challenge.swift */,
				C760EB0A2AB8F99B000DFE09 /* MockData.swift */,
			);
			path = Models;
			sourceTree = "<group>";
		};
		C760EB072AB8F923000DFE09 /* Views */ = {
			isa = PBXGroup;
			children = (
				C760EB1F2AC135A8000DFE09 /* MainView.swift */,
				C760EB182ABE0BEB000DFE09 /* Courses Views */,
				C760EB122ABD0879000DFE09 /* ScoreCard Views */,
			);
			path = Views;
			sourceTree = "<group>";
		};
		C760EB122ABD0879000DFE09 /* ScoreCard Views */ = {
			isa = PBXGroup;
			children = (
				C760EB082AB8F94B000DFE09 /* ScoreCardView.swift */,
				C760EB132ABD0898000DFE09 /* ScoreCardViewModel.swift */,
				C760EB212AC2523F000DFE09 /* SubViews */,
			);
			path = "ScoreCard Views";
			sourceTree = "<group>";
		};
		C760EB152ABE0AB3000DFE09 /* DataServices */ = {
			isa = PBXGroup;
			children = (
				C760EB162ABE0AD6000DFE09 /* DataServices.swift */,
			);
			path = DataServices;
			sourceTree = "<group>";
		};
		C760EB182ABE0BEB000DFE09 /* Courses Views */ = {
			isa = PBXGroup;
			children = (
				C7A9BA8F2AC4AA3100A69B81 /* CousesMapView.swift */,
				C760EB192ABE0C1A000DFE09 /* CoursesViewModel.swift */,
				C760EB222AC2527F000DFE09 /* SubViews */,
			);
			path = "Courses Views";
			sourceTree = "<group>";
		};
		C760EB212AC2523F000DFE09 /* SubViews */ = {
			isa = PBXGroup;
			children = (
				C760EB102ABBC4C9000DFE09 /* EnterScoreView.swift */,
			);
			path = SubViews;
			sourceTree = "<group>";
		};
		C760EB222AC2527F000DFE09 /* SubViews */ = {
			isa = PBXGroup;
			children = (
				C760EB1D2ABF57B8000DFE09 /* CourseInfoView.swift */,
				C760EB1B2ABF5761000DFE09 /* CourseListCell.swift */,
			);
			path = SubViews;
			sourceTree = "<group>";
		};
/* End PBXGroup section */

/* Begin PBXNativeTarget section */
		C760EAEE2AB8F7FF000DFE09 /* PutPutGolf */ = {
			isa = PBXNativeTarget;
			buildConfigurationList = C760EAFD2AB8F801000DFE09 /* Build configuration list for PBXNativeTarget "PutPutGolf" */;
			buildPhases = (
				C760EAEB2AB8F7FF000DFE09 /* Sources */,
				C760EAEC2AB8F7FF000DFE09 /* Frameworks */,
				C760EAED2AB8F7FF000DFE09 /* Resources */,
			);
			buildRules = (
			);
			dependencies = (
			);
			name = PutPutGolf;
			productName = PutPutGolf;
			productReference = C760EAEF2AB8F7FF000DFE09 /* PutPutGolf.app */;
			productType = "com.apple.product-type.application";
		};
/* End PBXNativeTarget section */

/* Begin PBXProject section */
		C760EAE72AB8F7FF000DFE09 /* Project object */ = {
			isa = PBXProject;
			attributes = {
				BuildIndependentTargetsInParallel = 1;
				LastSwiftUpdateCheck = 1430;
				LastUpgradeCheck = 1430;
				TargetAttributes = {
					C760EAEE2AB8F7FF000DFE09 = {
						CreatedOnToolsVersion = 14.3.1;
					};
				};
			};
			buildConfigurationList = C760EAEA2AB8F7FF000DFE09 /* Build configuration list for PBXProject "PutPutGolf" */;
			compatibilityVersion = "Xcode 14.0";
			developmentRegion = en;
			hasScannedForEncodings = 0;
			knownRegions = (
				en,
				Base,
			);
			mainGroup = C760EAE62AB8F7FF000DFE09;
			productRefGroup = C760EAF02AB8F7FF000DFE09 /* Products */;
			projectDirPath = "";
			projectRoot = "";
			targets = (
				C760EAEE2AB8F7FF000DFE09 /* PutPutGolf */,
			);
		};
/* End PBXProject section */

/* Begin PBXResourcesBuildPhase section */
		C760EAED2AB8F7FF000DFE09 /* Resources */ = {
			isa = PBXResourcesBuildPhase;
			buildActionMask = 2147483647;
			files = (
				C760EB0F2ABBADD9000DFE09 /* selfie.jpg in Resources */,
				C760EAFA2AB8F801000DFE09 /* Preview Assets.xcassets in Resources */,
				C760EAF72AB8F801000DFE09 /* Assets.xcassets in Resources */,
			);
			runOnlyForDeploymentPostprocessing = 0;
		};
/* End PBXResourcesBuildPhase section */

/* Begin PBXSourcesBuildPhase section */
		C760EAEB2AB8F7FF000DFE09 /* Sources */ = {
			isa = PBXSourcesBuildPhase;
			buildActionMask = 2147483647;
			files = (
				C760EB202AC135A8000DFE09 /* MainView.swift in Sources */,
				C760EB1C2ABF5761000DFE09 /* CourseListCell.swift in Sources */,
				C760EB1A2ABE0C1A000DFE09 /* CoursesViewModel.swift in Sources */,
				C760EB142ABD0898000DFE09 /* ScoreCardViewModel.swift in Sources */,
				C760EB042AB8F877000DFE09 /* Hole.swift in Sources */,
				C760EB1E2ABF57B8000DFE09 /* CourseInfoView.swift in Sources */,
				C760EAF32AB8F7FF000DFE09 /* PutPutGolfApp.swift in Sources */,
				C760EB062AB8F8D9000DFE09 /* Player.swift in Sources */,
				C7A9BA902AC4AA3100A69B81 /* CousesMapView.swift in Sources */,
				C760EB172ABE0AD6000DFE09 /* DataServices.swift in Sources */,
				C760EB022AB8F825000DFE09 /* Course.swift in Sources */,
				C760EB0D2AB8F9FA000DFE09 /* Challenge.swift in Sources */,
				C760EB0B2AB8F99B000DFE09 /* MockData.swift in Sources */,
				C760EB092AB8F94B000DFE09 /* ScoreCardView.swift in Sources */,
				C760EB112ABBC4C9000DFE09 /* EnterScoreView.swift in Sources */,
			);
			runOnlyForDeploymentPostprocessing = 0;
		};
/* End PBXSourcesBuildPhase section */

/* Begin XCBuildConfiguration section */
		C760EAFB2AB8F801000DFE09 /* Debug */ = {
			isa = XCBuildConfiguration;
			buildSettings = {
				ALWAYS_SEARCH_USER_PATHS = NO;
				CLANG_ANALYZER_NONNULL = YES;
				CLANG_ANALYZER_NUMBER_OBJECT_CONVERSION = YES_AGGRESSIVE;
				CLANG_CXX_LANGUAGE_STANDARD = "gnu++20";
				CLANG_ENABLE_MODULES = YES;
				CLANG_ENABLE_OBJC_ARC = YES;
				CLANG_ENABLE_OBJC_WEAK = YES;
				CLANG_WARN_BLOCK_CAPTURE_AUTORELEASING = YES;
				CLANG_WARN_BOOL_CONVERSION = YES;
				CLANG_WARN_COMMA = YES;
				CLANG_WARN_CONSTANT_CONVERSION = YES;
				CLANG_WARN_DEPRECATED_OBJC_IMPLEMENTATIONS = YES;
				CLANG_WARN_DIRECT_OBJC_ISA_USAGE = YES_ERROR;
				CLANG_WARN_DOCUMENTATION_COMMENTS = YES;
				CLANG_WARN_EMPTY_BODY = YES;
				CLANG_WARN_ENUM_CONVERSION = YES;
				CLANG_WARN_INFINITE_RECURSION = YES;
				CLANG_WARN_INT_CONVERSION = YES;
				CLANG_WARN_NON_LITERAL_NULL_CONVERSION = YES;
				CLANG_WARN_OBJC_IMPLICIT_RETAIN_SELF = YES;
				CLANG_WARN_OBJC_LITERAL_CONVERSION = YES;
				CLANG_WARN_OBJC_ROOT_CLASS = YES_ERROR;
				CLANG_WARN_QUOTED_INCLUDE_IN_FRAMEWORK_HEADER = YES;
				CLANG_WARN_RANGE_LOOP_ANALYSIS = YES;
				CLANG_WARN_STRICT_PROTOTYPES = YES;
				CLANG_WARN_SUSPICIOUS_MOVE = YES;
				CLANG_WARN_UNGUARDED_AVAILABILITY = YES_AGGRESSIVE;
				CLANG_WARN_UNREACHABLE_CODE = YES;
				CLANG_WARN__DUPLICATE_METHOD_MATCH = YES;
				COPY_PHASE_STRIP = NO;
				DEBUG_INFORMATION_FORMAT = dwarf;
				ENABLE_STRICT_OBJC_MSGSEND = YES;
				ENABLE_TESTABILITY = YES;
				GCC_C_LANGUAGE_STANDARD = gnu11;
				GCC_DYNAMIC_NO_PIC = NO;
				GCC_NO_COMMON_BLOCKS = YES;
				GCC_OPTIMIZATION_LEVEL = 0;
				GCC_PREPROCESSOR_DEFINITIONS = (
					"DEBUG=1",
					"$(inherited)",
				);
				GCC_WARN_64_TO_32_BIT_CONVERSION = YES;
				GCC_WARN_ABOUT_RETURN_TYPE = YES_ERROR;
				GCC_WARN_UNDECLARED_SELECTOR = YES;
				GCC_WARN_UNINITIALIZED_AUTOS = YES_AGGRESSIVE;
				GCC_WARN_UNUSED_FUNCTION = YES;
				GCC_WARN_UNUSED_VARIABLE = YES;
				IPHONEOS_DEPLOYMENT_TARGET = 16.4;
				MTL_ENABLE_DEBUG_INFO = INCLUDE_SOURCE;
				MTL_FAST_MATH = YES;
				ONLY_ACTIVE_ARCH = YES;
				SDKROOT = iphoneos;
				SWIFT_ACTIVE_COMPILATION_CONDITIONS = DEBUG;
				SWIFT_OPTIMIZATION_LEVEL = "-Onone";
			};
			name = Debug;
		};
		C760EAFC2AB8F801000DFE09 /* Release */ = {
			isa = XCBuildConfiguration;
			buildSettings = {
				ALWAYS_SEARCH_USER_PATHS = NO;
				CLANG_ANALYZER_NONNULL = YES;
				CLANG_ANALYZER_NUMBER_OBJECT_CONVERSION = YES_AGGRESSIVE;
				CLANG_CXX_LANGUAGE_STANDARD = "gnu++20";
				CLANG_ENABLE_MODULES = YES;
				CLANG_ENABLE_OBJC_ARC = YES;
				CLANG_ENABLE_OBJC_WEAK = YES;
				CLANG_WARN_BLOCK_CAPTURE_AUTORELEASING = YES;
				CLANG_WARN_BOOL_CONVERSION = YES;
				CLANG_WARN_COMMA = YES;
				CLANG_WARN_CONSTANT_CONVERSION = YES;
				CLANG_WARN_DEPRECATED_OBJC_IMPLEMENTATIONS = YES;
				CLANG_WARN_DIRECT_OBJC_ISA_USAGE = YES_ERROR;
				CLANG_WARN_DOCUMENTATION_COMMENTS = YES;
				CLANG_WARN_EMPTY_BODY = YES;
				CLANG_WARN_ENUM_CONVERSION = YES;
				CLANG_WARN_INFINITE_RECURSION = YES;
				CLANG_WARN_INT_CONVERSION = YES;
				CLANG_WARN_NON_LITERAL_NULL_CONVERSION = YES;
				CLANG_WARN_OBJC_IMPLICIT_RETAIN_SELF = YES;
				CLANG_WARN_OBJC_LITERAL_CONVERSION = YES;
				CLANG_WARN_OBJC_ROOT_CLASS = YES_ERROR;
				CLANG_WARN_QUOTED_INCLUDE_IN_FRAMEWORK_HEADER = YES;
				CLANG_WARN_RANGE_LOOP_ANALYSIS = YES;
				CLANG_WARN_STRICT_PROTOTYPES = YES;
				CLANG_WARN_SUSPICIOUS_MOVE = YES;
				CLANG_WARN_UNGUARDED_AVAILABILITY = YES_AGGRESSIVE;
				CLANG_WARN_UNREACHABLE_CODE = YES;
				CLANG_WARN__DUPLICATE_METHOD_MATCH = YES;
				COPY_PHASE_STRIP = NO;
				DEBUG_INFORMATION_FORMAT = "dwarf-with-dsym";
				ENABLE_NS_ASSERTIONS = NO;
				ENABLE_STRICT_OBJC_MSGSEND = YES;
				GCC_C_LANGUAGE_STANDARD = gnu11;
				GCC_NO_COMMON_BLOCKS = YES;
				GCC_WARN_64_TO_32_BIT_CONVERSION = YES;
				GCC_WARN_ABOUT_RETURN_TYPE = YES_ERROR;
				GCC_WARN_UNDECLARED_SELECTOR = YES;
				GCC_WARN_UNINITIALIZED_AUTOS = YES_AGGRESSIVE;
				GCC_WARN_UNUSED_FUNCTION = YES;
				GCC_WARN_UNUSED_VARIABLE = YES;
				IPHONEOS_DEPLOYMENT_TARGET = 16.4;
				MTL_ENABLE_DEBUG_INFO = NO;
				MTL_FAST_MATH = YES;
				SDKROOT = iphoneos;
				SWIFT_COMPILATION_MODE = wholemodule;
				SWIFT_OPTIMIZATION_LEVEL = "-O";
				VALIDATE_PRODUCT = YES;
			};
			name = Release;
		};
		C760EAFE2AB8F801000DFE09 /* Debug */ = {
			isa = XCBuildConfiguration;
			buildSettings = {
				ASSETCATALOG_COMPILER_APPICON_NAME = AppIcon;
				ASSETCATALOG_COMPILER_GLOBAL_ACCENT_COLOR_NAME = AccentColor;
				CODE_SIGN_STYLE = Automatic;
				CURRENT_PROJECT_VERSION = 1;
				DEVELOPMENT_ASSET_PATHS = "\"PutPutGolf/Preview Content\"";
				DEVELOPMENT_TEAM = KY6DPH5Y6J;
				ENABLE_PREVIEWS = YES;
				GENERATE_INFOPLIST_FILE = YES;
				INFOPLIST_FILE = PutPutGolf/Info.plist;
				INFOPLIST_KEY_UIApplicationSceneManifest_Generation = YES;
				INFOPLIST_KEY_UIApplicationSupportsIndirectInputEvents = YES;
				INFOPLIST_KEY_UILaunchScreen_Generation = YES;
				INFOPLIST_KEY_UISupportedInterfaceOrientations_iPad = "UIInterfaceOrientationPortrait UIInterfaceOrientationPortraitUpsideDown UIInterfaceOrientationLandscapeLeft UIInterfaceOrientationLandscapeRight";
				INFOPLIST_KEY_UISupportedInterfaceOrientations_iPhone = "UIInterfaceOrientationPortrait UIInterfaceOrientationLandscapeLeft UIInterfaceOrientationLandscapeRight";
				LD_RUNPATH_SEARCH_PATHS = (
					"$(inherited)",
					"@executable_path/Frameworks",
				);
				MARKETING_VERSION = 1.0;
				PRODUCT_BUNDLE_IDENTIFIER = com.kevinGreen.PutPutGolf;
				PRODUCT_NAME = "$(TARGET_NAME)";
				SWIFT_EMIT_LOC_STRINGS = YES;
				SWIFT_VERSION = 5.0;
				TARGETED_DEVICE_FAMILY = "1,2";
			};
			name = Debug;
		};
		C760EAFF2AB8F801000DFE09 /* Release */ = {
			isa = XCBuildConfiguration;
			buildSettings = {
				ASSETCATALOG_COMPILER_APPICON_NAME = AppIcon;
				ASSETCATALOG_COMPILER_GLOBAL_ACCENT_COLOR_NAME = AccentColor;
				CODE_SIGN_STYLE = Automatic;
				CURRENT_PROJECT_VERSION = 1;
				DEVELOPMENT_ASSET_PATHS = "\"PutPutGolf/Preview Content\"";
				DEVELOPMENT_TEAM = KY6DPH5Y6J;
				ENABLE_PREVIEWS = YES;
				GENERATE_INFOPLIST_FILE = YES;
				INFOPLIST_FILE = PutPutGolf/Info.plist;
				INFOPLIST_KEY_UIApplicationSceneManifest_Generation = YES;
				INFOPLIST_KEY_UIApplicationSupportsIndirectInputEvents = YES;
				INFOPLIST_KEY_UILaunchScreen_Generation = YES;
				INFOPLIST_KEY_UISupportedInterfaceOrientations_iPad = "UIInterfaceOrientationPortrait UIInterfaceOrientationPortraitUpsideDown UIInterfaceOrientationLandscapeLeft UIInterfaceOrientationLandscapeRight";
				INFOPLIST_KEY_UISupportedInterfaceOrientations_iPhone = "UIInterfaceOrientationPortrait UIInterfaceOrientationLandscapeLeft UIInterfaceOrientationLandscapeRight";
				LD_RUNPATH_SEARCH_PATHS = (
					"$(inherited)",
					"@executable_path/Frameworks",
				);
				MARKETING_VERSION = 1.0;
				PRODUCT_BUNDLE_IDENTIFIER = com.kevinGreen.PutPutGolf;
				PRODUCT_NAME = "$(TARGET_NAME)";
				SWIFT_EMIT_LOC_STRINGS = YES;
				SWIFT_VERSION = 5.0;
				TARGETED_DEVICE_FAMILY = "1,2";
			};
			name = Release;
		};
/* End XCBuildConfiguration section */

/* Begin XCConfigurationList section */
		C760EAEA2AB8F7FF000DFE09 /* Build configuration list for PBXProject "PutPutGolf" */ = {
			isa = XCConfigurationList;
			buildConfigurations = (
				C760EAFB2AB8F801000DFE09 /* Debug */,
				C760EAFC2AB8F801000DFE09 /* Release */,
			);
			defaultConfigurationIsVisible = 0;
			defaultConfigurationName = Release;
		};
		C760EAFD2AB8F801000DFE09 /* Build configuration list for PBXNativeTarget "PutPutGolf" */ = {
			isa = XCConfigurationList;
			buildConfigurations = (
				C760EAFE2AB8F801000DFE09 /* Debug */,
				C760EAFF2AB8F801000DFE09 /* Release */,
			);
			defaultConfigurationIsVisible = 0;
			defaultConfigurationName = Release;
		};
/* End XCConfigurationList section */
	};
	rootObject = C760EAE72AB8F7FF000DFE09 /* Project object */;
}
