// !$*UTF8*$!
{
	archiveVersion = 1;
	classes = {
	};
	objectVersion = 56;
	objects = {

/* Begin PBXBuildFile section */
		C74CB2492AC6000800AC53D7 /* putter_banner.png in Resources */ = {isa = PBXBuildFile; fileRef = C74CB2482AC6000800AC53D7 /* putter_banner.png */; };
		C74CB24B2AC601C000AC53D7 /* plain_ball.png in Resources */ = {isa = PBXBuildFile; fileRef = C74CB24A2AC601C000AC53D7 /* plain_ball.png */; };
		C74CB2512AC6021D00AC53D7 /* closeup_ball_hole.jpg in Resources */ = {isa = PBXBuildFile; fileRef = C74CB24D2AC6021D00AC53D7 /* closeup_ball_hole.jpg */; };
		C74CB2522AC6021D00AC53D7 /* martinez.jpg in Resources */ = {isa = PBXBuildFile; fileRef = C74CB24E2AC6021D00AC53D7 /* martinez.jpg */; };
		C74CB2532AC6021D00AC53D7 /* walnut_creek.jpg in Resources */ = {isa = PBXBuildFile; fileRef = C74CB24F2AC6021D00AC53D7 /* walnut_creek.jpg */; };
		C74CB2542AC6021D00AC53D7 /* alameda.jpg in Resources */ = {isa = PBXBuildFile; fileRef = C74CB2502AC6021D00AC53D7 /* alameda.jpg */; };
		C74CB25E2AC6399E00AC53D7 /* SavedGame.swift in Sources */ = {isa = PBXBuildFile; fileRef = C74CB25D2AC6399E00AC53D7 /* SavedGame.swift */; };
		C74CB2602AC7429D00AC53D7 /* SetupPlayers.swift in Sources */ = {isa = PBXBuildFile; fileRef = C74CB25F2AC7429D00AC53D7 /* SetupPlayers.swift */; };
		C74CB2632AC7477800AC53D7 /* SetupPlayerViewModel.swift in Sources */ = {isa = PBXBuildFile; fileRef = C74CB2622AC7477800AC53D7 /* SetupPlayerViewModel.swift */; };
		C74CB2662AC886DB00AC53D7 /* UIImageStringConversions.swift in Sources */ = {isa = PBXBuildFile; fileRef = C74CB2652AC886DB00AC53D7 /* UIImageStringConversions.swift */; };
		C74CB2702AC892C000AC53D7 /* NavigationStore.swift in Sources */ = {isa = PBXBuildFile; fileRef = C74CB26F2AC892C000AC53D7 /* NavigationStore.swift */; };
		C760EAF32AB8F7FF000DFE09 /* PutPutGolfApp.swift in Sources */ = {isa = PBXBuildFile; fileRef = C760EAF22AB8F7FF000DFE09 /* PutPutGolfApp.swift */; };
		C760EAF72AB8F801000DFE09 /* Assets.xcassets in Resources */ = {isa = PBXBuildFile; fileRef = C760EAF62AB8F801000DFE09 /* Assets.xcassets */; };
		C760EAFA2AB8F801000DFE09 /* Preview Assets.xcassets in Resources */ = {isa = PBXBuildFile; fileRef = C760EAF92AB8F801000DFE09 /* Preview Assets.xcassets */; };
		C760EB022AB8F825000DFE09 /* Course.swift in Sources */ = {isa = PBXBuildFile; fileRef = C760EB012AB8F825000DFE09 /* Course.swift */; };
		C760EB042AB8F877000DFE09 /* Hole.swift in Sources */ = {isa = PBXBuildFile; fileRef = C760EB032AB8F877000DFE09 /* Hole.swift */; };
		C760EB062AB8F8D9000DFE09 /* Player.swift in Sources */ = {isa = PBXBuildFile; fileRef = C760EB052AB8F8D9000DFE09 /* Player.swift */; };
		C760EB092AB8F94B000DFE09 /* ScoreCardView.swift in Sources */ = {isa = PBXBuildFile; fileRef = C760EB082AB8F94B000DFE09 /* ScoreCardView.swift */; };
		C760EB0B2AB8F99B000DFE09 /* MockData.swift in Sources */ = {isa = PBXBuildFile; fileRef = C760EB0A2AB8F99B000DFE09 /* MockData.swift */; };
		C760EB0D2AB8F9FA000DFE09 /* Challenge.swift in Sources */ = {isa = PBXBuildFile; fileRef = C760EB0C2AB8F9FA000DFE09 /* Challenge.swift */; };
		C760EB112ABBC4C9000DFE09 /* EnterScoreView.swift in Sources */ = {isa = PBXBuildFile; fileRef = C760EB102ABBC4C9000DFE09 /* EnterScoreView.swift */; };
		C760EB142ABD0898000DFE09 /* ScoreCardViewModel.swift in Sources */ = {isa = PBXBuildFile; fileRef = C760EB132ABD0898000DFE09 /* ScoreCardViewModel.swift */; };
		C760EB172ABE0AD6000DFE09 /* DataServices.swift in Sources */ = {isa = PBXBuildFile; fileRef = C760EB162ABE0AD6000DFE09 /* DataServices.swift */; };
		C760EB1A2ABE0C1A000DFE09 /* CoursesViewModel.swift in Sources */ = {isa = PBXBuildFile; fileRef = C760EB192ABE0C1A000DFE09 /* CoursesViewModel.swift */; };
		C760EB1E2ABF57B8000DFE09 /* CourseInfo.swift in Sources */ = {isa = PBXBuildFile; fileRef = C760EB1D2ABF57B8000DFE09 /* CourseInfo.swift */; };
		C77B0CB72AD0809500F3E1C5 /* Map.swift in Sources */ = {isa = PBXBuildFile; fileRef = C77B0CB62AD0809500F3E1C5 /* Map.swift */; };
		C7859A1B2AF2C51700F4CF82 /* CoursesViewModel_Tests.swift in Sources */ = {isa = PBXBuildFile; fileRef = C7859A1A2AF2C51700F4CF82 /* CoursesViewModel_Tests.swift */; };
		C7859A1D2AF31AE600F4CF82 /* MockDataService_Tests.swift in Sources */ = {isa = PBXBuildFile; fileRef = C7859A1C2AF31AE600F4CF82 /* MockDataService_Tests.swift */; };
		C7859A1F2AF4268000F4CF82 /* SetupPlayerViewModel_Tests.swift in Sources */ = {isa = PBXBuildFile; fileRef = C7859A1E2AF4268000F4CF82 /* SetupPlayerViewModel_Tests.swift */; };
		C7A9BA902AC4AA3100A69B81 /* CoursesMap.swift in Sources */ = {isa = PBXBuildFile; fileRef = C7A9BA8F2AC4AA3100A69B81 /* CoursesMap.swift */; };
		C7CDAF9B2AD1E8CD006C0886 /* CoursesList.swift in Sources */ = {isa = PBXBuildFile; fileRef = C7CDAF9A2AD1E8CD006C0886 /* CoursesList.swift */; };
		C7CDAFA52AD5CCCA006C0886 /* CourseInfoPanel.swift in Sources */ = {isa = PBXBuildFile; fileRef = C7CDAFA42AD5CCCA006C0886 /* CourseInfoPanel.swift */; };
		C7E24CE52AE0A36600A3D473 /* KGImageChooser in Frameworks */ = {isa = PBXBuildFile; productRef = C7E24CE42AE0A36600A3D473 /* KGImageChooser */; };
		C7E24CE72AE1D63700A3D473 /* Image.swift in Sources */ = {isa = PBXBuildFile; fileRef = C7E24CE62AE1D63700A3D473 /* Image.swift */; };
		C7E24CE92AE1D68A00A3D473 /* Color.swift in Sources */ = {isa = PBXBuildFile; fileRef = C7E24CE82AE1D68A00A3D473 /* Color.swift */; };
		C7E24CED2AE311C500A3D473 /* TestView.swift in Sources */ = {isa = PBXBuildFile; fileRef = C7E24CEC2AE311C500A3D473 /* TestView.swift */; };
		C7E24CEF2AE472BC00A3D473 /* Array.swift in Sources */ = {isa = PBXBuildFile; fileRef = C7E24CEE2AE472BB00A3D473 /* Array.swift */; };
/* End PBXBuildFile section */

/* Begin PBXContainerItemProxy section */
		C7859A152AF2C1AE00F4CF82 /* PBXContainerItemProxy */ = {
			isa = PBXContainerItemProxy;
			containerPortal = C760EAE72AB8F7FF000DFE09 /* Project object */;
			proxyType = 1;
			remoteGlobalIDString = C760EAEE2AB8F7FF000DFE09;
			remoteInfo = PutPutGolf;
		};
/* End PBXContainerItemProxy section */

/* Begin PBXFileReference section */
		C74CB2432AC4CD1000AC53D7 /* Info.plist */ = {isa = PBXFileReference; lastKnownFileType = text.plist; path = Info.plist; sourceTree = "<group>"; };
		C74CB2482AC6000800AC53D7 /* putter_banner.png */ = {isa = PBXFileReference; lastKnownFileType = image.png; path = putter_banner.png; sourceTree = "<group>"; };
		C74CB24A2AC601C000AC53D7 /* plain_ball.png */ = {isa = PBXFileReference; lastKnownFileType = image.png; path = plain_ball.png; sourceTree = "<group>"; };
		C74CB24D2AC6021D00AC53D7 /* closeup_ball_hole.jpg */ = {isa = PBXFileReference; lastKnownFileType = image.jpeg; path = closeup_ball_hole.jpg; sourceTree = "<group>"; };
		C74CB24E2AC6021D00AC53D7 /* martinez.jpg */ = {isa = PBXFileReference; lastKnownFileType = image.jpeg; path = martinez.jpg; sourceTree = "<group>"; };
		C74CB24F2AC6021D00AC53D7 /* walnut_creek.jpg */ = {isa = PBXFileReference; lastKnownFileType = image.jpeg; path = walnut_creek.jpg; sourceTree = "<group>"; };
		C74CB2502AC6021D00AC53D7 /* alameda.jpg */ = {isa = PBXFileReference; lastKnownFileType = image.jpeg; path = alameda.jpg; sourceTree = "<group>"; };
		C74CB25D2AC6399E00AC53D7 /* SavedGame.swift */ = {isa = PBXFileReference; lastKnownFileType = sourcecode.swift; path = SavedGame.swift; sourceTree = "<group>"; };
		C74CB25F2AC7429D00AC53D7 /* SetupPlayers.swift */ = {isa = PBXFileReference; lastKnownFileType = sourcecode.swift; path = SetupPlayers.swift; sourceTree = "<group>"; };
		C74CB2622AC7477800AC53D7 /* SetupPlayerViewModel.swift */ = {isa = PBXFileReference; lastKnownFileType = sourcecode.swift; path = SetupPlayerViewModel.swift; sourceTree = "<group>"; };
		C74CB2652AC886DB00AC53D7 /* UIImageStringConversions.swift */ = {isa = PBXFileReference; lastKnownFileType = sourcecode.swift; path = UIImageStringConversions.swift; sourceTree = "<group>"; };
		C74CB26F2AC892C000AC53D7 /* NavigationStore.swift */ = {isa = PBXFileReference; lastKnownFileType = sourcecode.swift; path = NavigationStore.swift; sourceTree = "<group>"; };
		C760EAEF2AB8F7FF000DFE09 /* PutPutGolf.app */ = {isa = PBXFileReference; explicitFileType = wrapper.application; includeInIndex = 0; path = PutPutGolf.app; sourceTree = BUILT_PRODUCTS_DIR; };
		C760EAF22AB8F7FF000DFE09 /* PutPutGolfApp.swift */ = {isa = PBXFileReference; lastKnownFileType = sourcecode.swift; path = PutPutGolfApp.swift; sourceTree = "<group>"; };
		C760EAF62AB8F801000DFE09 /* Assets.xcassets */ = {isa = PBXFileReference; lastKnownFileType = folder.assetcatalog; path = Assets.xcassets; sourceTree = "<group>"; };
		C760EAF92AB8F801000DFE09 /* Preview Assets.xcassets */ = {isa = PBXFileReference; lastKnownFileType = folder.assetcatalog; path = "Preview Assets.xcassets"; sourceTree = "<group>"; };
		C760EB012AB8F825000DFE09 /* Course.swift */ = {isa = PBXFileReference; lastKnownFileType = sourcecode.swift; path = Course.swift; sourceTree = "<group>"; };
		C760EB032AB8F877000DFE09 /* Hole.swift */ = {isa = PBXFileReference; lastKnownFileType = sourcecode.swift; path = Hole.swift; sourceTree = "<group>"; };
		C760EB052AB8F8D9000DFE09 /* Player.swift */ = {isa = PBXFileReference; lastKnownFileType = sourcecode.swift; path = Player.swift; sourceTree = "<group>"; };
		C760EB082AB8F94B000DFE09 /* ScoreCardView.swift */ = {isa = PBXFileReference; lastKnownFileType = sourcecode.swift; path = ScoreCardView.swift; sourceTree = "<group>"; };
		C760EB0A2AB8F99B000DFE09 /* MockData.swift */ = {isa = PBXFileReference; lastKnownFileType = sourcecode.swift; path = MockData.swift; sourceTree = "<group>"; };
		C760EB0C2AB8F9FA000DFE09 /* Challenge.swift */ = {isa = PBXFileReference; lastKnownFileType = sourcecode.swift; path = Challenge.swift; sourceTree = "<group>"; };
		C760EB102ABBC4C9000DFE09 /* EnterScoreView.swift */ = {isa = PBXFileReference; lastKnownFileType = sourcecode.swift; path = EnterScoreView.swift; sourceTree = "<group>"; };
		C760EB132ABD0898000DFE09 /* ScoreCardViewModel.swift */ = {isa = PBXFileReference; lastKnownFileType = sourcecode.swift; path = ScoreCardViewModel.swift; sourceTree = "<group>"; };
		C760EB162ABE0AD6000DFE09 /* DataServices.swift */ = {isa = PBXFileReference; lastKnownFileType = sourcecode.swift; path = DataServices.swift; sourceTree = "<group>"; };
		C760EB192ABE0C1A000DFE09 /* CoursesViewModel.swift */ = {isa = PBXFileReference; lastKnownFileType = sourcecode.swift; path = CoursesViewModel.swift; sourceTree = "<group>"; };
		C760EB1D2ABF57B8000DFE09 /* CourseInfo.swift */ = {isa = PBXFileReference; lastKnownFileType = sourcecode.swift; path = CourseInfo.swift; sourceTree = "<group>"; };
		C77B0CB62AD0809500F3E1C5 /* Map.swift */ = {isa = PBXFileReference; lastKnownFileType = sourcecode.swift; path = Map.swift; sourceTree = "<group>"; };
		C7859A112AF2C1AE00F4CF82 /* PutPutGolf_Tests.xctest */ = {isa = PBXFileReference; explicitFileType = wrapper.cfbundle; includeInIndex = 0; path = PutPutGolf_Tests.xctest; sourceTree = BUILT_PRODUCTS_DIR; };
		C7859A1A2AF2C51700F4CF82 /* CoursesViewModel_Tests.swift */ = {isa = PBXFileReference; lastKnownFileType = sourcecode.swift; path = CoursesViewModel_Tests.swift; sourceTree = "<group>"; };
		C7859A1C2AF31AE600F4CF82 /* MockDataService_Tests.swift */ = {isa = PBXFileReference; lastKnownFileType = sourcecode.swift; path = MockDataService_Tests.swift; sourceTree = "<group>"; };
		C7859A1E2AF4268000F4CF82 /* SetupPlayerViewModel_Tests.swift */ = {isa = PBXFileReference; lastKnownFileType = sourcecode.swift; path = SetupPlayerViewModel_Tests.swift; sourceTree = "<group>"; };
		C7A9BA8F2AC4AA3100A69B81 /* CoursesMap.swift */ = {isa = PBXFileReference; lastKnownFileType = sourcecode.swift; path = CoursesMap.swift; sourceTree = "<group>"; };
		C7CDAF9A2AD1E8CD006C0886 /* CoursesList.swift */ = {isa = PBXFileReference; lastKnownFileType = sourcecode.swift; path = CoursesList.swift; sourceTree = "<group>"; };
		C7CDAFA42AD5CCCA006C0886 /* CourseInfoPanel.swift */ = {isa = PBXFileReference; lastKnownFileType = sourcecode.swift; path = CourseInfoPanel.swift; sourceTree = "<group>"; };
		C7E24CE62AE1D63700A3D473 /* Image.swift */ = {isa = PBXFileReference; lastKnownFileType = sourcecode.swift; path = Image.swift; sourceTree = "<group>"; };
		C7E24CE82AE1D68A00A3D473 /* Color.swift */ = {isa = PBXFileReference; lastKnownFileType = sourcecode.swift; path = Color.swift; sourceTree = "<group>"; };
		C7E24CEC2AE311C500A3D473 /* TestView.swift */ = {isa = PBXFileReference; lastKnownFileType = sourcecode.swift; path = TestView.swift; sourceTree = "<group>"; };
		C7E24CEE2AE472BB00A3D473 /* Array.swift */ = {isa = PBXFileReference; lastKnownFileType = sourcecode.swift; path = Array.swift; sourceTree = "<group>"; };
/* End PBXFileReference section */

/* Begin PBXFrameworksBuildPhase section */
		C760EAEC2AB8F7FF000DFE09 /* Frameworks */ = {
			isa = PBXFrameworksBuildPhase;
			buildActionMask = 2147483647;
			files = (
				C7E24CE52AE0A36600A3D473 /* KGImageChooser in Frameworks */,
			);
			runOnlyForDeploymentPostprocessing = 0;
		};
		C7859A0E2AF2C1AE00F4CF82 /* Frameworks */ = {
			isa = PBXFrameworksBuildPhase;
			buildActionMask = 2147483647;
			files = (
			);
			runOnlyForDeploymentPostprocessing = 0;
		};
/* End PBXFrameworksBuildPhase section */

/* Begin PBXGroup section */
		C74CB24C2AC601EF00AC53D7 /* Images */ = {
			isa = PBXGroup;
			children = (
				C74CB24E2AC6021D00AC53D7 /* martinez.jpg */,
				C74CB2502AC6021D00AC53D7 /* alameda.jpg */,
				C74CB24F2AC6021D00AC53D7 /* walnut_creek.jpg */,
				C74CB24A2AC601C000AC53D7 /* plain_ball.png */,
				C74CB24D2AC6021D00AC53D7 /* closeup_ball_hole.jpg */,
				C74CB2482AC6000800AC53D7 /* putter_banner.png */,
			);
			path = Images;
			sourceTree = "<group>";
		};
		C74CB2612AC7475D00AC53D7 /* Setup Player Views */ = {
			isa = PBXGroup;
			children = (
				C74CB25F2AC7429D00AC53D7 /* SetupPlayers.swift */,
				C7CDAF9E2AD215AA006C0886 /* ViewModel */,
			);
			path = "Setup Player Views";
			sourceTree = "<group>";
		};
		C74CB2642AC886CE00AC53D7 /* Extensions */ = {
			isa = PBXGroup;
			children = (
				C74CB2652AC886DB00AC53D7 /* UIImageStringConversions.swift */,
				C7E24CE62AE1D63700A3D473 /* Image.swift */,
				C7E24CE82AE1D68A00A3D473 /* Color.swift */,
				C7E24CEE2AE472BB00A3D473 /* Array.swift */,
			);
			path = Extensions;
			sourceTree = "<group>";
		};
		C760EAE62AB8F7FF000DFE09 = {
			isa = PBXGroup;
			children = (
				C760EAF12AB8F7FF000DFE09 /* PutPutGolf */,
				C7859A122AF2C1AE00F4CF82 /* PutPutGolf_Tests */,
				C760EAF02AB8F7FF000DFE09 /* Products */,
			);
			sourceTree = "<group>";
		};
		C760EAF02AB8F7FF000DFE09 /* Products */ = {
			isa = PBXGroup;
			children = (
				C760EAEF2AB8F7FF000DFE09 /* PutPutGolf.app */,
				C7859A112AF2C1AE00F4CF82 /* PutPutGolf_Tests.xctest */,
			);
			name = Products;
			sourceTree = "<group>";
		};
		C760EAF12AB8F7FF000DFE09 /* PutPutGolf */ = {
			isa = PBXGroup;
			children = (
				C74CB2432AC4CD1000AC53D7 /* Info.plist */,
				C760EAF22AB8F7FF000DFE09 /* PutPutGolfApp.swift */,
				C74CB26F2AC892C000AC53D7 /* NavigationStore.swift */,
				C760EB072AB8F923000DFE09 /* Views */,
				C760EB002AB8F80F000DFE09 /* Models */,
				C760EB152ABE0AB3000DFE09 /* DataServices */,
				C74CB2642AC886CE00AC53D7 /* Extensions */,
				C74CB24C2AC601EF00AC53D7 /* Images */,
				C760EAF62AB8F801000DFE09 /* Assets.xcassets */,
				C760EAF82AB8F801000DFE09 /* Preview Content */,
			);
			path = PutPutGolf;
			sourceTree = "<group>";
		};
		C760EAF82AB8F801000DFE09 /* Preview Content */ = {
			isa = PBXGroup;
			children = (
				C760EAF92AB8F801000DFE09 /* Preview Assets.xcassets */,
			);
			path = "Preview Content";
			sourceTree = "<group>";
		};
		C760EB002AB8F80F000DFE09 /* Models */ = {
			isa = PBXGroup;
			children = (
				C760EB012AB8F825000DFE09 /* Course.swift */,
				C760EB032AB8F877000DFE09 /* Hole.swift */,
				C760EB0C2AB8F9FA000DFE09 /* Challenge.swift */,
				C760EB052AB8F8D9000DFE09 /* Player.swift */,
				C74CB25D2AC6399E00AC53D7 /* SavedGame.swift */,
			);
			path = Models;
			sourceTree = "<group>";
		};
		C760EB072AB8F923000DFE09 /* Views */ = {
			isa = PBXGroup;
			children = (
				C760EB182ABE0BEB000DFE09 /* Course Map */,
				C74CB2612AC7475D00AC53D7 /* Setup Player Views */,
				C760EB122ABD0879000DFE09 /* Score Card */,
				C7E24CEC2AE311C500A3D473 /* TestView.swift */,
			);
			path = Views;
			sourceTree = "<group>";
		};
		C760EB122ABD0879000DFE09 /* Score Card */ = {
			isa = PBXGroup;
			children = (
				C760EB082AB8F94B000DFE09 /* ScoreCardView.swift */,
				C760EB212AC2523F000DFE09 /* SubViews */,
				C7CDAF9F2AD215BC006C0886 /* ViewModel */,
			);
			path = "Score Card";
			sourceTree = "<group>";
		};
		C760EB152ABE0AB3000DFE09 /* DataServices */ = {
			isa = PBXGroup;
			children = (
				C760EB162ABE0AD6000DFE09 /* DataServices.swift */,
				C760EB0A2AB8F99B000DFE09 /* MockData.swift */,
			);
			path = DataServices;
			sourceTree = "<group>";
		};
		C760EB182ABE0BEB000DFE09 /* Course Map */ = {
			isa = PBXGroup;
			children = (
				C7A9BA8F2AC4AA3100A69B81 /* CoursesMap.swift */,
				C760EB1D2ABF57B8000DFE09 /* CourseInfo.swift */,
				C760EB222AC2527F000DFE09 /* SubViews */,
				C7CDAF9D2AD21578006C0886 /* ViewModel */,
			);
			path = "Course Map";
			sourceTree = "<group>";
		};
		C760EB212AC2523F000DFE09 /* SubViews */ = {
			isa = PBXGroup;
			children = (
				C760EB102ABBC4C9000DFE09 /* EnterScoreView.swift */,
			);
			path = SubViews;
			sourceTree = "<group>";
		};
		C760EB222AC2527F000DFE09 /* SubViews */ = {
			isa = PBXGroup;
			children = (
				C77B0CB62AD0809500F3E1C5 /* Map.swift */,
				C7CDAF9A2AD1E8CD006C0886 /* CoursesList.swift */,
				C7CDAFA42AD5CCCA006C0886 /* CourseInfoPanel.swift */,
			);
			path = SubViews;
			sourceTree = "<group>";
		};
		C7859A122AF2C1AE00F4CF82 /* PutPutGolf_Tests */ = {
			isa = PBXGroup;
			children = (
				C7859A1C2AF31AE600F4CF82 /* MockDataService_Tests.swift */,
				C7859A1A2AF2C51700F4CF82 /* CoursesViewModel_Tests.swift */,
				C7859A1E2AF4268000F4CF82 /* SetupPlayerViewModel_Tests.swift */,
			);
			path = PutPutGolf_Tests;
			sourceTree = "<group>";
		};
		C7CDAF9D2AD21578006C0886 /* ViewModel */ = {
			isa = PBXGroup;
			children = (
				C760EB192ABE0C1A000DFE09 /* CoursesViewModel.swift */,
			);
			path = ViewModel;
			sourceTree = "<group>";
		};
		C7CDAF9E2AD215AA006C0886 /* ViewModel */ = {
			isa = PBXGroup;
			children = (
				C74CB2622AC7477800AC53D7 /* SetupPlayerViewModel.swift */,
			);
			path = ViewModel;
			sourceTree = "<group>";
		};
		C7CDAF9F2AD215BC006C0886 /* ViewModel */ = {
			isa = PBXGroup;
			children = (
				C760EB132ABD0898000DFE09 /* ScoreCardViewModel.swift */,
			);
			path = ViewModel;
			sourceTree = "<group>";
		};
/* End PBXGroup section */

/* Begin PBXNativeTarget section */
		C760EAEE2AB8F7FF000DFE09 /* PutPutGolf */ = {
			isa = PBXNativeTarget;
			buildConfigurationList = C760EAFD2AB8F801000DFE09 /* Build configuration list for PBXNativeTarget "PutPutGolf" */;
			buildPhases = (
				C760EAEB2AB8F7FF000DFE09 /* Sources */,
				C760EAEC2AB8F7FF000DFE09 /* Frameworks */,
				C760EAED2AB8F7FF000DFE09 /* Resources */,
			);
			buildRules = (
			);
			dependencies = (
			);
			name = PutPutGolf;
			packageProductDependencies = (
				C7E24CE42AE0A36600A3D473 /* KGImageChooser */,
			);
			productName = PutPutGolf;
			productReference = C760EAEF2AB8F7FF000DFE09 /* PutPutGolf.app */;
			productType = "com.apple.product-type.application";
		};
		C7859A102AF2C1AE00F4CF82 /* PutPutGolf_Tests */ = {
			isa = PBXNativeTarget;
			buildConfigurationList = C7859A172AF2C1AE00F4CF82 /* Build configuration list for PBXNativeTarget "PutPutGolf_Tests" */;
			buildPhases = (
				C7859A0D2AF2C1AE00F4CF82 /* Sources */,
				C7859A0E2AF2C1AE00F4CF82 /* Frameworks */,
				C7859A0F2AF2C1AE00F4CF82 /* Resources */,
			);
			buildRules = (
			);
			dependencies = (
				C7859A162AF2C1AE00F4CF82 /* PBXTargetDependency */,
			);
			name = PutPutGolf_Tests;
			productName = PutPutGolf_Tests;
			productReference = C7859A112AF2C1AE00F4CF82 /* PutPutGolf_Tests.xctest */;
			productType = "com.apple.product-type.bundle.unit-test";
		};
/* End PBXNativeTarget section */

/* Begin PBXProject section */
		C760EAE72AB8F7FF000DFE09 /* Project object */ = {
			isa = PBXProject;
			attributes = {
				BuildIndependentTargetsInParallel = 1;
				LastSwiftUpdateCheck = 1500;
				LastUpgradeCheck = 1500;
				TargetAttributes = {
					C760EAEE2AB8F7FF000DFE09 = {
						CreatedOnToolsVersion = 14.3.1;
					};
					C7859A102AF2C1AE00F4CF82 = {
						CreatedOnToolsVersion = 15.0.1;
						TestTargetID = C760EAEE2AB8F7FF000DFE09;
					};
				};
			};
			buildConfigurationList = C760EAEA2AB8F7FF000DFE09 /* Build configuration list for PBXProject "PutPutGolf" */;
			compatibilityVersion = "Xcode 14.0";
			developmentRegion = en;
			hasScannedForEncodings = 0;
			knownRegions = (
				en,
				Base,
			);
			mainGroup = C760EAE62AB8F7FF000DFE09;
			packageReferences = (
				C7E24CE32AE0A36600A3D473 /* XCRemoteSwiftPackageReference "KGImageChooser" */,
			);
			productRefGroup = C760EAF02AB8F7FF000DFE09 /* Products */;
			projectDirPath = "";
			projectRoot = "";
			targets = (
				C760EAEE2AB8F7FF000DFE09 /* PutPutGolf */,
				C7859A102AF2C1AE00F4CF82 /* PutPutGolf_Tests */,
			);
		};
/* End PBXProject section */

/* Begin PBXResourcesBuildPhase section */
		C760EAED2AB8F7FF000DFE09 /* Resources */ = {
			isa = PBXResourcesBuildPhase;
			buildActionMask = 2147483647;
			files = (
				C760EAFA2AB8F801000DFE09 /* Preview Assets.xcassets in Resources */,
				C74CB2512AC6021D00AC53D7 /* closeup_ball_hole.jpg in Resources */,
				C74CB2522AC6021D00AC53D7 /* martinez.jpg in Resources */,
				C74CB2532AC6021D00AC53D7 /* walnut_creek.jpg in Resources */,
				C74CB2542AC6021D00AC53D7 /* alameda.jpg in Resources */,
				C760EAF72AB8F801000DFE09 /* Assets.xcassets in Resources */,
				C74CB2492AC6000800AC53D7 /* putter_banner.png in Resources */,
				C74CB24B2AC601C000AC53D7 /* plain_ball.png in Resources */,
			);
			runOnlyForDeploymentPostprocessing = 0;
		};
		C7859A0F2AF2C1AE00F4CF82 /* Resources */ = {
			isa = PBXResourcesBuildPhase;
			buildActionMask = 2147483647;
			files = (
			);
			runOnlyForDeploymentPostprocessing = 0;
		};
/* End PBXResourcesBuildPhase section */

/* Begin PBXSourcesBuildPhase section */
		C760EAEB2AB8F7FF000DFE09 /* Sources */ = {
			isa = PBXSourcesBuildPhase;
			buildActionMask = 2147483647;
			files = (
				C74CB2702AC892C000AC53D7 /* NavigationStore.swift in Sources */,
				C7E24CED2AE311C500A3D473 /* TestView.swift in Sources */,
				C760EB1A2ABE0C1A000DFE09 /* CoursesViewModel.swift in Sources */,
				C7E24CE72AE1D63700A3D473 /* Image.swift in Sources */,
				C760EB142ABD0898000DFE09 /* ScoreCardViewModel.swift in Sources */,
				C74CB25E2AC6399E00AC53D7 /* SavedGame.swift in Sources */,
				C7E24CE92AE1D68A00A3D473 /* Color.swift in Sources */,
				C7CDAF9B2AD1E8CD006C0886 /* CoursesList.swift in Sources */,
				C760EB042AB8F877000DFE09 /* Hole.swift in Sources */,
				C74CB2662AC886DB00AC53D7 /* UIImageStringConversions.swift in Sources */,
				C760EB1E2ABF57B8000DFE09 /* CourseInfo.swift in Sources */,
				C74CB2602AC7429D00AC53D7 /* SetupPlayers.swift in Sources */,
				C760EAF32AB8F7FF000DFE09 /* PutPutGolfApp.swift in Sources */,
				C760EB062AB8F8D9000DFE09 /* Player.swift in Sources */,
				C7A9BA902AC4AA3100A69B81 /* CoursesMap.swift in Sources */,
				C760EB172ABE0AD6000DFE09 /* DataServices.swift in Sources */,
				C760EB022AB8F825000DFE09 /* Course.swift in Sources */,
				C74CB2632AC7477800AC53D7 /* SetupPlayerViewModel.swift in Sources */,
				C760EB0D2AB8F9FA000DFE09 /* Challenge.swift in Sources */,
				C760EB0B2AB8F99B000DFE09 /* MockData.swift in Sources */,
				C760EB092AB8F94B000DFE09 /* ScoreCardView.swift in Sources */,
				C7E24CEF2AE472BC00A3D473 /* Array.swift in Sources */,
				C77B0CB72AD0809500F3E1C5 /* Map.swift in Sources */,
				C7CDAFA52AD5CCCA006C0886 /* CourseInfoPanel.swift in Sources */,
				C760EB112ABBC4C9000DFE09 /* EnterScoreView.swift in Sources */,
			);
			runOnlyForDeploymentPostprocessing = 0;
		};
		C7859A0D2AF2C1AE00F4CF82 /* Sources */ = {
			isa = PBXSourcesBuildPhase;
			buildActionMask = 2147483647;
			files = (
				C7859A1B2AF2C51700F4CF82 /* CoursesViewModel_Tests.swift in Sources */,
				C7859A1F2AF4268000F4CF82 /* SetupPlayerViewModel_Tests.swift in Sources */,
				C7859A1D2AF31AE600F4CF82 /* MockDataService_Tests.swift in Sources */,
			);
			runOnlyForDeploymentPostprocessing = 0;
		};
/* End PBXSourcesBuildPhase section */

/* Begin PBXTargetDependency section */
		C7859A162AF2C1AE00F4CF82 /* PBXTargetDependency */ = {
			isa = PBXTargetDependency;
			target = C760EAEE2AB8F7FF000DFE09 /* PutPutGolf */;
			targetProxy = C7859A152AF2C1AE00F4CF82 /* PBXContainerItemProxy */;
		};
/* End PBXTargetDependency section */

/* Begin XCBuildConfiguration section */
		C760EAFB2AB8F801000DFE09 /* Debug */ = {
			isa = XCBuildConfiguration;
			buildSettings = {
				ALWAYS_SEARCH_USER_PATHS = NO;
				CLANG_ANALYZER_NONNULL = YES;
				CLANG_ANALYZER_NUMBER_OBJECT_CONVERSION = YES_AGGRESSIVE;
				CLANG_CXX_LANGUAGE_STANDARD = "gnu++20";
				CLANG_ENABLE_MODULES = YES;
				CLANG_ENABLE_OBJC_ARC = YES;
				CLANG_ENABLE_OBJC_WEAK = YES;
				CLANG_WARN_BLOCK_CAPTURE_AUTORELEASING = YES;
				CLANG_WARN_BOOL_CONVERSION = YES;
				CLANG_WARN_COMMA = YES;
				CLANG_WARN_CONSTANT_CONVERSION = YES;
				CLANG_WARN_DEPRECATED_OBJC_IMPLEMENTATIONS = YES;
				CLANG_WARN_DIRECT_OBJC_ISA_USAGE = YES_ERROR;
				CLANG_WARN_DOCUMENTATION_COMMENTS = YES;
				CLANG_WARN_EMPTY_BODY = YES;
				CLANG_WARN_ENUM_CONVERSION = YES;
				CLANG_WARN_INFINITE_RECURSION = YES;
				CLANG_WARN_INT_CONVERSION = YES;
				CLANG_WARN_NON_LITERAL_NULL_CONVERSION = YES;
				CLANG_WARN_OBJC_IMPLICIT_RETAIN_SELF = YES;
				CLANG_WARN_OBJC_LITERAL_CONVERSION = YES;
				CLANG_WARN_OBJC_ROOT_CLASS = YES_ERROR;
				CLANG_WARN_QUOTED_INCLUDE_IN_FRAMEWORK_HEADER = YES;
				CLANG_WARN_RANGE_LOOP_ANALYSIS = YES;
				CLANG_WARN_STRICT_PROTOTYPES = YES;
				CLANG_WARN_SUSPICIOUS_MOVE = YES;
				CLANG_WARN_UNGUARDED_AVAILABILITY = YES_AGGRESSIVE;
				CLANG_WARN_UNREACHABLE_CODE = YES;
				CLANG_WARN__DUPLICATE_METHOD_MATCH = YES;
				COPY_PHASE_STRIP = NO;
				DEBUG_INFORMATION_FORMAT = dwarf;
				ENABLE_STRICT_OBJC_MSGSEND = YES;
				ENABLE_TESTABILITY = YES;
				ENABLE_USER_SCRIPT_SANDBOXING = YES;
				GCC_C_LANGUAGE_STANDARD = gnu11;
				GCC_DYNAMIC_NO_PIC = NO;
				GCC_NO_COMMON_BLOCKS = YES;
				GCC_OPTIMIZATION_LEVEL = 0;
				GCC_PREPROCESSOR_DEFINITIONS = (
					"DEBUG=1",
					"$(inherited)",
				);
				GCC_WARN_64_TO_32_BIT_CONVERSION = YES;
				GCC_WARN_ABOUT_RETURN_TYPE = YES_ERROR;
				GCC_WARN_UNDECLARED_SELECTOR = YES;
				GCC_WARN_UNINITIALIZED_AUTOS = YES_AGGRESSIVE;
				GCC_WARN_UNUSED_FUNCTION = YES;
				GCC_WARN_UNUSED_VARIABLE = YES;
				IPHONEOS_DEPLOYMENT_TARGET = 16.4;
				MTL_ENABLE_DEBUG_INFO = INCLUDE_SOURCE;
				MTL_FAST_MATH = YES;
				ONLY_ACTIVE_ARCH = YES;
				SDKROOT = iphoneos;
				SWIFT_ACTIVE_COMPILATION_CONDITIONS = DEBUG;
				SWIFT_OPTIMIZATION_LEVEL = "-Onone";
			};
			name = Debug;
		};
		C760EAFC2AB8F801000DFE09 /* Release */ = {
			isa = XCBuildConfiguration;
			buildSettings = {
				ALWAYS_SEARCH_USER_PATHS = NO;
				CLANG_ANALYZER_NONNULL = YES;
				CLANG_ANALYZER_NUMBER_OBJECT_CONVERSION = YES_AGGRESSIVE;
				CLANG_CXX_LANGUAGE_STANDARD = "gnu++20";
				CLANG_ENABLE_MODULES = YES;
				CLANG_ENABLE_OBJC_ARC = YES;
				CLANG_ENABLE_OBJC_WEAK = YES;
				CLANG_WARN_BLOCK_CAPTURE_AUTORELEASING = YES;
				CLANG_WARN_BOOL_CONVERSION = YES;
				CLANG_WARN_COMMA = YES;
				CLANG_WARN_CONSTANT_CONVERSION = YES;
				CLANG_WARN_DEPRECATED_OBJC_IMPLEMENTATIONS = YES;
				CLANG_WARN_DIRECT_OBJC_ISA_USAGE = YES_ERROR;
				CLANG_WARN_DOCUMENTATION_COMMENTS = YES;
				CLANG_WARN_EMPTY_BODY = YES;
				CLANG_WARN_ENUM_CONVERSION = YES;
				CLANG_WARN_INFINITE_RECURSION = YES;
				CLANG_WARN_INT_CONVERSION = YES;
				CLANG_WARN_NON_LITERAL_NULL_CONVERSION = YES;
				CLANG_WARN_OBJC_IMPLICIT_RETAIN_SELF = YES;
				CLANG_WARN_OBJC_LITERAL_CONVERSION = YES;
				CLANG_WARN_OBJC_ROOT_CLASS = YES_ERROR;
				CLANG_WARN_QUOTED_INCLUDE_IN_FRAMEWORK_HEADER = YES;
				CLANG_WARN_RANGE_LOOP_ANALYSIS = YES;
				CLANG_WARN_STRICT_PROTOTYPES = YES;
				CLANG_WARN_SUSPICIOUS_MOVE = YES;
				CLANG_WARN_UNGUARDED_AVAILABILITY = YES_AGGRESSIVE;
				CLANG_WARN_UNREACHABLE_CODE = YES;
				CLANG_WARN__DUPLICATE_METHOD_MATCH = YES;
				COPY_PHASE_STRIP = NO;
				DEBUG_INFORMATION_FORMAT = "dwarf-with-dsym";
				ENABLE_NS_ASSERTIONS = NO;
				ENABLE_STRICT_OBJC_MSGSEND = YES;
				ENABLE_USER_SCRIPT_SANDBOXING = YES;
				GCC_C_LANGUAGE_STANDARD = gnu11;
				GCC_NO_COMMON_BLOCKS = YES;
				GCC_WARN_64_TO_32_BIT_CONVERSION = YES;
				GCC_WARN_ABOUT_RETURN_TYPE = YES_ERROR;
				GCC_WARN_UNDECLARED_SELECTOR = YES;
				GCC_WARN_UNINITIALIZED_AUTOS = YES_AGGRESSIVE;
				GCC_WARN_UNUSED_FUNCTION = YES;
				GCC_WARN_UNUSED_VARIABLE = YES;
				IPHONEOS_DEPLOYMENT_TARGET = 16.4;
				MTL_ENABLE_DEBUG_INFO = NO;
				MTL_FAST_MATH = YES;
				SDKROOT = iphoneos;
				SWIFT_COMPILATION_MODE = wholemodule;
				SWIFT_OPTIMIZATION_LEVEL = "-O";
				VALIDATE_PRODUCT = YES;
			};
			name = Release;
		};
		C760EAFE2AB8F801000DFE09 /* Debug */ = {
			isa = XCBuildConfiguration;
			buildSettings = {
				ASSETCATALOG_COMPILER_APPICON_NAME = AppIcon;
				ASSETCATALOG_COMPILER_GLOBAL_ACCENT_COLOR_NAME = AccentColor;
				CODE_SIGN_STYLE = Automatic;
				CURRENT_PROJECT_VERSION = 1;
				DEVELOPMENT_ASSET_PATHS = "\"PutPutGolf/Preview Content\"";
				DEVELOPMENT_TEAM = KY6DPH5Y6J;
				ENABLE_PREVIEWS = YES;
				GENERATE_INFOPLIST_FILE = YES;
				INFOPLIST_FILE = PutPutGolf/Info.plist;
				INFOPLIST_KEY_UIApplicationSceneManifest_Generation = YES;
				INFOPLIST_KEY_UIApplicationSupportsIndirectInputEvents = YES;
				INFOPLIST_KEY_UILaunchScreen_Generation = YES;
				INFOPLIST_KEY_UISupportedInterfaceOrientations = "UIInterfaceOrientationLandscapeLeft UIInterfaceOrientationLandscapeRight UIInterfaceOrientationPortrait";
				INFOPLIST_KEY_UISupportedInterfaceOrientations_iPad = UIInterfaceOrientationPortrait;
				IPHONEOS_DEPLOYMENT_TARGET = 16.4;
				LD_RUNPATH_SEARCH_PATHS = (
					"$(inherited)",
					"@executable_path/Frameworks",
				);
				MARKETING_VERSION = 1.0;
				PRODUCT_BUNDLE_IDENTIFIER = com.kevinGreen.PutPutGolf;
				PRODUCT_NAME = "$(TARGET_NAME)";
				SUPPORTED_PLATFORMS = "iphoneos iphonesimulator";
				SUPPORTS_MACCATALYST = NO;
				SUPPORTS_MAC_DESIGNED_FOR_IPHONE_IPAD = NO;
				SWIFT_EMIT_LOC_STRINGS = YES;
				SWIFT_VERSION = 5.0;
				TARGETED_DEVICE_FAMILY = 1;
			};
			name = Debug;
		};
		C760EAFF2AB8F801000DFE09 /* Release */ = {
			isa = XCBuildConfiguration;
			buildSettings = {
				ASSETCATALOG_COMPILER_APPICON_NAME = AppIcon;
				ASSETCATALOG_COMPILER_GLOBAL_ACCENT_COLOR_NAME = AccentColor;
				CODE_SIGN_STYLE = Automatic;
				CURRENT_PROJECT_VERSION = 1;
				DEVELOPMENT_ASSET_PATHS = "\"PutPutGolf/Preview Content\"";
				DEVELOPMENT_TEAM = KY6DPH5Y6J;
				ENABLE_PREVIEWS = YES;
				GENERATE_INFOPLIST_FILE = YES;
				INFOPLIST_FILE = PutPutGolf/Info.plist;
				INFOPLIST_KEY_UIApplicationSceneManifest_Generation = YES;
				INFOPLIST_KEY_UIApplicationSupportsIndirectInputEvents = YES;
				INFOPLIST_KEY_UILaunchScreen_Generation = YES;
				INFOPLIST_KEY_UISupportedInterfaceOrientations = "UIInterfaceOrientationLandscapeLeft UIInterfaceOrientationLandscapeRight UIInterfaceOrientationPortrait";
				INFOPLIST_KEY_UISupportedInterfaceOrientations_iPad = UIInterfaceOrientationPortrait;
				IPHONEOS_DEPLOYMENT_TARGET = 16.4;
				LD_RUNPATH_SEARCH_PATHS = (
					"$(inherited)",
					"@executable_path/Frameworks",
				);
				MARKETING_VERSION = 1.0;
				PRODUCT_BUNDLE_IDENTIFIER = com.kevinGreen.PutPutGolf;
				PRODUCT_NAME = "$(TARGET_NAME)";
				SUPPORTED_PLATFORMS = "iphoneos iphonesimulator";
				SUPPORTS_MACCATALYST = NO;
				SUPPORTS_MAC_DESIGNED_FOR_IPHONE_IPAD = NO;
				SWIFT_EMIT_LOC_STRINGS = YES;
				SWIFT_VERSION = 5.0;
				TARGETED_DEVICE_FAMILY = 1;
			};
			name = Release;
		};
		C7859A182AF2C1AE00F4CF82 /* Debug */ = {
			isa = XCBuildConfiguration;
			buildSettings = {
				ASSETCATALOG_COMPILER_GENERATE_SWIFT_ASSET_SYMBOL_EXTENSIONS = YES;
				BUNDLE_LOADER = "$(TEST_HOST)";
				CODE_SIGN_STYLE = Automatic;
				CURRENT_PROJECT_VERSION = 1;
				DEVELOPMENT_TEAM = KY6DPH5Y6J;
				GCC_C_LANGUAGE_STANDARD = gnu17;
				GENERATE_INFOPLIST_FILE = YES;
				IPHONEOS_DEPLOYMENT_TARGET = 16.6;
				LOCALIZATION_PREFERS_STRING_CATALOGS = YES;
				MARKETING_VERSION = 1.0;
				PRODUCT_BUNDLE_IDENTIFIER = "com.kevinGreen.PutPutGolf-Tests";
				PRODUCT_NAME = "$(TARGET_NAME)";
				SWIFT_ACTIVE_COMPILATION_CONDITIONS = "DEBUG $(inherited)";
				SWIFT_EMIT_LOC_STRINGS = NO;
				SWIFT_VERSION = 5.0;
				TARGETED_DEVICE_FAMILY = "1,2";
				TEST_HOST = "$(BUILT_PRODUCTS_DIR)/PutPutGolf.app/$(BUNDLE_EXECUTABLE_FOLDER_PATH)/PutPutGolf";
			};
			name = Debug;
		};
		C7859A192AF2C1AE00F4CF82 /* Release */ = {
			isa = XCBuildConfiguration;
			buildSettings = {
				ASSETCATALOG_COMPILER_GENERATE_SWIFT_ASSET_SYMBOL_EXTENSIONS = YES;
				BUNDLE_LOADER = "$(TEST_HOST)";
				CODE_SIGN_STYLE = Automatic;
				CURRENT_PROJECT_VERSION = 1;
				DEVELOPMENT_TEAM = KY6DPH5Y6J;
				GCC_C_LANGUAGE_STANDARD = gnu17;
				GENERATE_INFOPLIST_FILE = YES;
				IPHONEOS_DEPLOYMENT_TARGET = 16.6;
				LOCALIZATION_PREFERS_STRING_CATALOGS = YES;
				MARKETING_VERSION = 1.0;
				PRODUCT_BUNDLE_IDENTIFIER = "com.kevinGreen.PutPutGolf-Tests";
				PRODUCT_NAME = "$(TARGET_NAME)";
				SWIFT_EMIT_LOC_STRINGS = NO;
				SWIFT_VERSION = 5.0;
				TARGETED_DEVICE_FAMILY = "1,2";
				TEST_HOST = "$(BUILT_PRODUCTS_DIR)/PutPutGolf.app/$(BUNDLE_EXECUTABLE_FOLDER_PATH)/PutPutGolf";
			};
			name = Release;
		};
/* End XCBuildConfiguration section */

/* Begin XCConfigurationList section */
		C760EAEA2AB8F7FF000DFE09 /* Build configuration list for PBXProject "PutPutGolf" */ = {
			isa = XCConfigurationList;
			buildConfigurations = (
				C760EAFB2AB8F801000DFE09 /* Debug */,
				C760EAFC2AB8F801000DFE09 /* Release */,
			);
			defaultConfigurationIsVisible = 0;
			defaultConfigurationName = Release;
		};
		C760EAFD2AB8F801000DFE09 /* Build configuration list for PBXNativeTarget "PutPutGolf" */ = {
			isa = XCConfigurationList;
			buildConfigurations = (
				C760EAFE2AB8F801000DFE09 /* Debug */,
				C760EAFF2AB8F801000DFE09 /* Release */,
			);
			defaultConfigurationIsVisible = 0;
			defaultConfigurationName = Release;
		};
		C7859A172AF2C1AE00F4CF82 /* Build configuration list for PBXNativeTarget "PutPutGolf_Tests" */ = {
			isa = XCConfigurationList;
			buildConfigurations = (
				C7859A182AF2C1AE00F4CF82 /* Debug */,
				C7859A192AF2C1AE00F4CF82 /* Release */,
			);
			defaultConfigurationIsVisible = 0;
			defaultConfigurationName = Release;
		};
/* End XCConfigurationList section */

/* Begin XCRemoteSwiftPackageReference section */
		C7E24CE32AE0A36600A3D473 /* XCRemoteSwiftPackageReference "KGImageChooser" */ = {
			isa = XCRemoteSwiftPackageReference;
			repositoryURL = "https://github.com/kevingreen22/KGImageChooser";
			requirement = {
				branch = main;
				kind = branch;
			};
		};
/* End XCRemoteSwiftPackageReference section */

/* Begin XCSwiftPackageProductDependency section */
		C7E24CE42AE0A36600A3D473 /* KGImageChooser */ = {
			isa = XCSwiftPackageProductDependency;
			package = C7E24CE32AE0A36600A3D473 /* XCRemoteSwiftPackageReference "KGImageChooser" */;
			productName = KGImageChooser;
		};
/* End XCSwiftPackageProductDependency section */
	};
	rootObject = C760EAE72AB8F7FF000DFE09 /* Project object */;
}
